// !$*UTF8*$!
{
	archiveVersion = 1;
	classes = {
	};
	objectVersion = 55;
	objects = {

/* Begin PBXBuildFile section */
		2D1E210A2AE1126B00EEF185 /* DismissableRoute.swift in Sources */ = {isa = PBXBuildFile; fileRef = 2D1E21092AE1126B00EEF185 /* DismissableRoute.swift */; };
		2D1E210E2AE1129200EEF185 /* ModalTransition.swift in Sources */ = {isa = PBXBuildFile; fileRef = 2D1E210D2AE1129200EEF185 /* ModalTransition.swift */; };
		2D1E21102AE112A800EEF185 /* PlaceOnWindowTransition.swift in Sources */ = {isa = PBXBuildFile; fileRef = 2D1E210F2AE112A800EEF185 /* PlaceOnWindowTransition.swift */; };
		2D1E21122AE112B900EEF185 /* PushTransition.swift in Sources */ = {isa = PBXBuildFile; fileRef = 2D1E21112AE112B900EEF185 /* PushTransition.swift */; };
		2D1E21142AE112C200EEF185 /* Transition.swift in Sources */ = {isa = PBXBuildFile; fileRef = 2D1E21132AE112C200EEF185 /* Transition.swift */; };
		2D1E21162AE112E800EEF185 /* AppRouter.swift in Sources */ = {isa = PBXBuildFile; fileRef = 2D1E21152AE112E800EEF185 /* AppRouter.swift */; };
		2D1E21182AE112F200EEF185 /* Animator.swift in Sources */ = {isa = PBXBuildFile; fileRef = 2D1E21172AE112F200EEF185 /* Animator.swift */; };
		2D1E211A2AE112FE00EEF185 /* Router.swift in Sources */ = {isa = PBXBuildFile; fileRef = 2D1E21192AE112FE00EEF185 /* Router.swift */; };
		2D3F53602AE33138005B441E /* BaseViewController.swift in Sources */ = {isa = PBXBuildFile; fileRef = 2D3F535F2AE33138005B441E /* BaseViewController.swift */; };
		2D3F53622AE3314B005B441E /* BaseViewModel.swift in Sources */ = {isa = PBXBuildFile; fileRef = 2D3F53612AE3314B005B441E /* BaseViewModel.swift */; };
		2D43BB102AE0A2A300A6702C /* .swiftlint.yml in Resources */ = {isa = PBXBuildFile; fileRef = 2D43BB0F2AE0A2A300A6702C /* .swiftlint.yml */; };
		2D83E7572B61223300E74320 /* MovieDetailSimilarCellModel+Extension.swift in Sources */ = {isa = PBXBuildFile; fileRef = 2D83E7562B61223300E74320 /* MovieDetailSimilarCellModel+Extension.swift */; };
		2D8CB1B02B49BBE500AB29F5 /* MovieDetailRouter.swift in Sources */ = {isa = PBXBuildFile; fileRef = 2D8CB1AD2B49BBE500AB29F5 /* MovieDetailRouter.swift */; };
		2D8CB1B12B49BBE500AB29F5 /* MovieDetailViewController.swift in Sources */ = {isa = PBXBuildFile; fileRef = 2D8CB1AE2B49BBE500AB29F5 /* MovieDetailViewController.swift */; };
		2D8CB1B22B49BBE500AB29F5 /* MovieDetailViewModel.swift in Sources */ = {isa = PBXBuildFile; fileRef = 2D8CB1AF2B49BBE500AB29F5 /* MovieDetailViewModel.swift */; };
		2D8CB1B42B49BBF900AB29F5 /* MovieDetailRoute.swift in Sources */ = {isa = PBXBuildFile; fileRef = 2D8CB1B32B49BBF900AB29F5 /* MovieDetailRoute.swift */; };
		2D9A88F32B01D252005B12D5 /* HomeHeaderCellModel+Extension.swift in Sources */ = {isa = PBXBuildFile; fileRef = 2D9A88F22B01D252005B12D5 /* HomeHeaderCellModel+Extension.swift */; };
		2DA6FEC02AE72BE60077125D /* HomeRouter.swift in Sources */ = {isa = PBXBuildFile; fileRef = 2DA6FEBD2AE72BE60077125D /* HomeRouter.swift */; };
		2DA6FEC12AE72BE60077125D /* HomeViewController.swift in Sources */ = {isa = PBXBuildFile; fileRef = 2DA6FEBE2AE72BE60077125D /* HomeViewController.swift */; };
		2DA6FEC22AE72BE60077125D /* HomeViewModel.swift in Sources */ = {isa = PBXBuildFile; fileRef = 2DA6FEBF2AE72BE60077125D /* HomeViewModel.swift */; };
		2DA6FEC42AE72C000077125D /* HomeRoute.swift in Sources */ = {isa = PBXBuildFile; fileRef = 2DA6FEC32AE72C000077125D /* HomeRoute.swift */; };
		2DC157FD2B243BA70041D38C /* SearchRouter.swift in Sources */ = {isa = PBXBuildFile; fileRef = 2DC157FA2B243BA70041D38C /* SearchRouter.swift */; };
		2DC157FE2B243BA70041D38C /* SearchViewController.swift in Sources */ = {isa = PBXBuildFile; fileRef = 2DC157FB2B243BA70041D38C /* SearchViewController.swift */; };
		2DC157FF2B243BA70041D38C /* SearchViewModel.swift in Sources */ = {isa = PBXBuildFile; fileRef = 2DC157FC2B243BA70041D38C /* SearchViewModel.swift */; };
		2DD358A92AE11A1A001D1EA5 /* DataProvider.framework in Frameworks */ = {isa = PBXBuildFile; fileRef = 2DD358A82AE11A1A001D1EA5 /* DataProvider.framework */; };
		2DD358AA2AE11A1A001D1EA5 /* DataProvider.framework in Embed Frameworks */ = {isa = PBXBuildFile; fileRef = 2DD358A82AE11A1A001D1EA5 /* DataProvider.framework */; settings = {ATTRIBUTES = (CodeSignOnCopy, RemoveHeadersOnCopy, ); }; };
		2DD358AC2AE11A1E001D1EA5 /* Utilities.framework in Frameworks */ = {isa = PBXBuildFile; fileRef = 2DD358AB2AE11A1E001D1EA5 /* Utilities.framework */; };
		2DD358AD2AE11A1E001D1EA5 /* Utilities.framework in Embed Frameworks */ = {isa = PBXBuildFile; fileRef = 2DD358AB2AE11A1E001D1EA5 /* Utilities.framework */; settings = {ATTRIBUTES = (CodeSignOnCopy, RemoveHeadersOnCopy, ); }; };
		2DD358B02AE14613001D1EA5 /* APIDataProvider.swift in Sources */ = {isa = PBXBuildFile; fileRef = 2DD358AF2AE14613001D1EA5 /* APIDataProvider.swift */; };
		2DD358B22AE14620001D1EA5 /* APIRequestInterceptor.swift in Sources */ = {isa = PBXBuildFile; fileRef = 2DD358B12AE14620001D1EA5 /* APIRequestInterceptor.swift */; };
		2DD358B42AE146FA001D1EA5 /* APIRequestAdapter.swift in Sources */ = {isa = PBXBuildFile; fileRef = 2DD358B32AE146FA001D1EA5 /* APIRequestAdapter.swift */; };
		2DD358B62AE14706001D1EA5 /* APILogger.swift in Sources */ = {isa = PBXBuildFile; fileRef = 2DD358B52AE14706001D1EA5 /* APILogger.swift */; };
		2DD358B82AE1471A001D1EA5 /* DataProvider.swift in Sources */ = {isa = PBXBuildFile; fileRef = 2DD358B72AE1471A001D1EA5 /* DataProvider.swift */; };
		2DD378452B28D0FB0030C856 /* SearchCellModel+Extension.swift in Sources */ = {isa = PBXBuildFile; fileRef = 2DD378442B28D0FB0030C856 /* SearchCellModel+Extension.swift */; };
		2DD621332B02C30700E57105 /* HomeCellModel+Extension.swift in Sources */ = {isa = PBXBuildFile; fileRef = 2DD621322B02C30600E57105 /* HomeCellModel+Extension.swift */; };
		2DEAB99F2ADFE28D007FD609 /* AppDelegate.swift in Sources */ = {isa = PBXBuildFile; fileRef = 2DEAB99E2ADFE28D007FD609 /* AppDelegate.swift */; };
		2DEAB9A82ADFE28F007FD609 /* Assets.xcassets in Resources */ = {isa = PBXBuildFile; fileRef = 2DEAB9A72ADFE28F007FD609 /* Assets.xcassets */; };
		2DEAB9AB2ADFE28F007FD609 /* LaunchScreen.storyboard in Resources */ = {isa = PBXBuildFile; fileRef = 2DEAB9A92ADFE28F007FD609 /* LaunchScreen.storyboard */; };
		2DEAB9CA2ADFFF54007FD609 /* UIComponents.framework in Frameworks */ = {isa = PBXBuildFile; fileRef = 2DEAB9C92ADFFF54007FD609 /* UIComponents.framework */; };
		2DEAB9CB2ADFFF54007FD609 /* UIComponents.framework in Embed Frameworks */ = {isa = PBXBuildFile; fileRef = 2DEAB9C92ADFFF54007FD609 /* UIComponents.framework */; settings = {ATTRIBUTES = (CodeSignOnCopy, RemoveHeadersOnCopy, ); }; };
		A777DB25385801B509746615 /* Pods_DataMovieApp.framework in Frameworks */ = {isa = PBXBuildFile; fileRef = AB0B1CF43783EF76AA62938C /* Pods_DataMovieApp.framework */; };
/* End PBXBuildFile section */

/* Begin PBXCopyFilesBuildPhase section */
		2DEAB9CC2ADFFF54007FD609 /* Embed Frameworks */ = {
			isa = PBXCopyFilesBuildPhase;
			buildActionMask = 2147483647;
			dstPath = "";
			dstSubfolderSpec = 10;
			files = (
				2DEAB9CB2ADFFF54007FD609 /* UIComponents.framework in Embed Frameworks */,
				2DD358AD2AE11A1E001D1EA5 /* Utilities.framework in Embed Frameworks */,
				2DD358AA2AE11A1A001D1EA5 /* DataProvider.framework in Embed Frameworks */,
			);
			name = "Embed Frameworks";
			runOnlyForDeploymentPostprocessing = 0;
		};
/* End PBXCopyFilesBuildPhase section */

/* Begin PBXFileReference section */
		2D1E21092AE1126B00EEF185 /* DismissableRoute.swift */ = {isa = PBXFileReference; lastKnownFileType = sourcecode.swift; path = DismissableRoute.swift; sourceTree = "<group>"; };
		2D1E210D2AE1129200EEF185 /* ModalTransition.swift */ = {isa = PBXFileReference; lastKnownFileType = sourcecode.swift; path = ModalTransition.swift; sourceTree = "<group>"; };
		2D1E210F2AE112A800EEF185 /* PlaceOnWindowTransition.swift */ = {isa = PBXFileReference; lastKnownFileType = sourcecode.swift; path = PlaceOnWindowTransition.swift; sourceTree = "<group>"; };
		2D1E21112AE112B900EEF185 /* PushTransition.swift */ = {isa = PBXFileReference; lastKnownFileType = sourcecode.swift; path = PushTransition.swift; sourceTree = "<group>"; };
		2D1E21132AE112C200EEF185 /* Transition.swift */ = {isa = PBXFileReference; lastKnownFileType = sourcecode.swift; path = Transition.swift; sourceTree = "<group>"; };
		2D1E21152AE112E800EEF185 /* AppRouter.swift */ = {isa = PBXFileReference; lastKnownFileType = sourcecode.swift; path = AppRouter.swift; sourceTree = "<group>"; };
		2D1E21172AE112F200EEF185 /* Animator.swift */ = {isa = PBXFileReference; lastKnownFileType = sourcecode.swift; path = Animator.swift; sourceTree = "<group>"; };
		2D1E21192AE112FE00EEF185 /* Router.swift */ = {isa = PBXFileReference; lastKnownFileType = sourcecode.swift; path = Router.swift; sourceTree = "<group>"; };
		2D3F535F2AE33138005B441E /* BaseViewController.swift */ = {isa = PBXFileReference; lastKnownFileType = sourcecode.swift; path = BaseViewController.swift; sourceTree = "<group>"; };
		2D3F53612AE3314B005B441E /* BaseViewModel.swift */ = {isa = PBXFileReference; lastKnownFileType = sourcecode.swift; path = BaseViewModel.swift; sourceTree = "<group>"; };
		2D43BB0F2AE0A2A300A6702C /* .swiftlint.yml */ = {isa = PBXFileReference; lastKnownFileType = text.yaml; path = .swiftlint.yml; sourceTree = "<group>"; };
		2D83E7562B61223300E74320 /* MovieDetailSimilarCellModel+Extension.swift */ = {isa = PBXFileReference; lastKnownFileType = sourcecode.swift; path = "MovieDetailSimilarCellModel+Extension.swift"; sourceTree = "<group>"; };
		2D8CB1AD2B49BBE500AB29F5 /* MovieDetailRouter.swift */ = {isa = PBXFileReference; lastKnownFileType = sourcecode.swift; path = MovieDetailRouter.swift; sourceTree = "<group>"; };
		2D8CB1AE2B49BBE500AB29F5 /* MovieDetailViewController.swift */ = {isa = PBXFileReference; lastKnownFileType = sourcecode.swift; path = MovieDetailViewController.swift; sourceTree = "<group>"; };
		2D8CB1AF2B49BBE500AB29F5 /* MovieDetailViewModel.swift */ = {isa = PBXFileReference; lastKnownFileType = sourcecode.swift; path = MovieDetailViewModel.swift; sourceTree = "<group>"; };
		2D8CB1B32B49BBF900AB29F5 /* MovieDetailRoute.swift */ = {isa = PBXFileReference; lastKnownFileType = sourcecode.swift; path = MovieDetailRoute.swift; sourceTree = "<group>"; };
		2D9A88F22B01D252005B12D5 /* HomeHeaderCellModel+Extension.swift */ = {isa = PBXFileReference; lastKnownFileType = sourcecode.swift; path = "HomeHeaderCellModel+Extension.swift"; sourceTree = "<group>"; };
		2DA6FEBD2AE72BE60077125D /* HomeRouter.swift */ = {isa = PBXFileReference; lastKnownFileType = sourcecode.swift; path = HomeRouter.swift; sourceTree = "<group>"; };
		2DA6FEBE2AE72BE60077125D /* HomeViewController.swift */ = {isa = PBXFileReference; lastKnownFileType = sourcecode.swift; path = HomeViewController.swift; sourceTree = "<group>"; };
		2DA6FEBF2AE72BE60077125D /* HomeViewModel.swift */ = {isa = PBXFileReference; lastKnownFileType = sourcecode.swift; path = HomeViewModel.swift; sourceTree = "<group>"; };
		2DA6FEC32AE72C000077125D /* HomeRoute.swift */ = {isa = PBXFileReference; lastKnownFileType = sourcecode.swift; path = HomeRoute.swift; sourceTree = "<group>"; };
		2DC157FA2B243BA70041D38C /* SearchRouter.swift */ = {isa = PBXFileReference; lastKnownFileType = sourcecode.swift; path = SearchRouter.swift; sourceTree = "<group>"; };
		2DC157FB2B243BA70041D38C /* SearchViewController.swift */ = {isa = PBXFileReference; lastKnownFileType = sourcecode.swift; path = SearchViewController.swift; sourceTree = "<group>"; };
		2DC157FC2B243BA70041D38C /* SearchViewModel.swift */ = {isa = PBXFileReference; lastKnownFileType = sourcecode.swift; path = SearchViewModel.swift; sourceTree = "<group>"; };
		2DD358A82AE11A1A001D1EA5 /* DataProvider.framework */ = {isa = PBXFileReference; explicitFileType = wrapper.framework; path = DataProvider.framework; sourceTree = BUILT_PRODUCTS_DIR; };
		2DD358AB2AE11A1E001D1EA5 /* Utilities.framework */ = {isa = PBXFileReference; explicitFileType = wrapper.framework; path = Utilities.framework; sourceTree = BUILT_PRODUCTS_DIR; };
		2DD358AF2AE14613001D1EA5 /* APIDataProvider.swift */ = {isa = PBXFileReference; lastKnownFileType = sourcecode.swift; path = APIDataProvider.swift; sourceTree = "<group>"; };
		2DD358B12AE14620001D1EA5 /* APIRequestInterceptor.swift */ = {isa = PBXFileReference; lastKnownFileType = sourcecode.swift; path = APIRequestInterceptor.swift; sourceTree = "<group>"; };
		2DD358B32AE146FA001D1EA5 /* APIRequestAdapter.swift */ = {isa = PBXFileReference; lastKnownFileType = sourcecode.swift; path = APIRequestAdapter.swift; sourceTree = "<group>"; };
		2DD358B52AE14706001D1EA5 /* APILogger.swift */ = {isa = PBXFileReference; lastKnownFileType = sourcecode.swift; path = APILogger.swift; sourceTree = "<group>"; };
		2DD358B72AE1471A001D1EA5 /* DataProvider.swift */ = {isa = PBXFileReference; lastKnownFileType = sourcecode.swift; path = DataProvider.swift; sourceTree = "<group>"; };
		2DD378442B28D0FB0030C856 /* SearchCellModel+Extension.swift */ = {isa = PBXFileReference; lastKnownFileType = sourcecode.swift; path = "SearchCellModel+Extension.swift"; sourceTree = "<group>"; };
		2DD621322B02C30600E57105 /* HomeCellModel+Extension.swift */ = {isa = PBXFileReference; lastKnownFileType = sourcecode.swift; path = "HomeCellModel+Extension.swift"; sourceTree = "<group>"; };
		2DEAB99B2ADFE28D007FD609 /* DataMovieApp.app */ = {isa = PBXFileReference; explicitFileType = wrapper.application; includeInIndex = 0; path = DataMovieApp.app; sourceTree = BUILT_PRODUCTS_DIR; };
		2DEAB99E2ADFE28D007FD609 /* AppDelegate.swift */ = {isa = PBXFileReference; lastKnownFileType = sourcecode.swift; path = AppDelegate.swift; sourceTree = "<group>"; };
		2DEAB9A72ADFE28F007FD609 /* Assets.xcassets */ = {isa = PBXFileReference; lastKnownFileType = folder.assetcatalog; path = Assets.xcassets; sourceTree = "<group>"; };
		2DEAB9AA2ADFE28F007FD609 /* Base */ = {isa = PBXFileReference; lastKnownFileType = file.storyboard; name = Base; path = Base.lproj/LaunchScreen.storyboard; sourceTree = "<group>"; };
		2DEAB9AC2ADFE28F007FD609 /* Info.plist */ = {isa = PBXFileReference; lastKnownFileType = text.plist.xml; path = Info.plist; sourceTree = "<group>"; };
		2DEAB9C92ADFFF54007FD609 /* UIComponents.framework */ = {isa = PBXFileReference; explicitFileType = wrapper.framework; path = UIComponents.framework; sourceTree = BUILT_PRODUCTS_DIR; };
		2DEAB9CE2ADFFFF1007FD609 /* DataMovieApp-Bridging-Header.h */ = {isa = PBXFileReference; lastKnownFileType = sourcecode.c.h; path = "DataMovieApp-Bridging-Header.h"; sourceTree = "<group>"; };
		8A45131040B7291D2173A1D9 /* Pods-DataMovieApp.release.xcconfig */ = {isa = PBXFileReference; includeInIndex = 1; lastKnownFileType = text.xcconfig; name = "Pods-DataMovieApp.release.xcconfig"; path = "Target Support Files/Pods-DataMovieApp/Pods-DataMovieApp.release.xcconfig"; sourceTree = "<group>"; };
		AB0B1CF43783EF76AA62938C /* Pods_DataMovieApp.framework */ = {isa = PBXFileReference; explicitFileType = wrapper.framework; includeInIndex = 0; path = Pods_DataMovieApp.framework; sourceTree = BUILT_PRODUCTS_DIR; };
		C636495D2C531DBEC68383C8 /* Pods-DataMovieApp.debug.xcconfig */ = {isa = PBXFileReference; includeInIndex = 1; lastKnownFileType = text.xcconfig; name = "Pods-DataMovieApp.debug.xcconfig"; path = "Target Support Files/Pods-DataMovieApp/Pods-DataMovieApp.debug.xcconfig"; sourceTree = "<group>"; };
/* End PBXFileReference section */

/* Begin PBXFrameworksBuildPhase section */
		2DEAB9982ADFE28D007FD609 /* Frameworks */ = {
			isa = PBXFrameworksBuildPhase;
			buildActionMask = 2147483647;
			files = (
				2DD358A92AE11A1A001D1EA5 /* DataProvider.framework in Frameworks */,
				2DEAB9CA2ADFFF54007FD609 /* UIComponents.framework in Frameworks */,
				A777DB25385801B509746615 /* Pods_DataMovieApp.framework in Frameworks */,
				2DD358AC2AE11A1E001D1EA5 /* Utilities.framework in Frameworks */,
			);
			runOnlyForDeploymentPostprocessing = 0;
		};
/* End PBXFrameworksBuildPhase section */

/* Begin PBXGroup section */
		2D1E21042AE1120300EEF185 /* Routing */ = {
			isa = PBXGroup;
			children = (
				2D1E21082AE1125700EEF185 /* Route */,
				2D1E21072AE1125000EEF185 /* Transitions */,
				2D1E21062AE1124400EEF185 /* Routers */,
				2D1E21052AE1123600EEF185 /* Core */,
			);
			path = Routing;
			sourceTree = "<group>";
		};
		2D1E21052AE1123600EEF185 /* Core */ = {
			isa = PBXGroup;
			children = (
				2D1E21172AE112F200EEF185 /* Animator.swift */,
				2D1E21192AE112FE00EEF185 /* Router.swift */,
			);
			path = Core;
			sourceTree = "<group>";
		};
		2D1E21062AE1124400EEF185 /* Routers */ = {
			isa = PBXGroup;
			children = (
				2D1E21152AE112E800EEF185 /* AppRouter.swift */,
			);
			path = Routers;
			sourceTree = "<group>";
		};
		2D1E21072AE1125000EEF185 /* Transitions */ = {
			isa = PBXGroup;
			children = (
				2D1E210D2AE1129200EEF185 /* ModalTransition.swift */,
				2D1E210F2AE112A800EEF185 /* PlaceOnWindowTransition.swift */,
				2D1E21112AE112B900EEF185 /* PushTransition.swift */,
				2D1E21132AE112C200EEF185 /* Transition.swift */,
			);
			path = Transitions;
			sourceTree = "<group>";
		};
		2D1E21082AE1125700EEF185 /* Route */ = {
			isa = PBXGroup;
			children = (
				2D1E21092AE1126B00EEF185 /* DismissableRoute.swift */,
			);
			path = Route;
			sourceTree = "<group>";
		};
		2D3F535D2AE330EE005B441E /* Scenes */ = {
			isa = PBXGroup;
			children = (
				2D8CB1AC2B49BBBF00AB29F5 /* MovieDetail */,
				2DC157F92B243B870041D38C /* Search */,
				2D3F53722AE33494005B441E /* Home */,
				2D3F535E2AE330F9005B441E /* Base */,
			);
			path = Scenes;
			sourceTree = "<group>";
		};
		2D3F535E2AE330F9005B441E /* Base */ = {
			isa = PBXGroup;
			children = (
				2D3F535F2AE33138005B441E /* BaseViewController.swift */,
				2D3F53612AE3314B005B441E /* BaseViewModel.swift */,
			);
			path = Base;
			sourceTree = "<group>";
		};
		2D3F53722AE33494005B441E /* Home */ = {
			isa = PBXGroup;
			children = (
				2DA6FEBE2AE72BE60077125D /* HomeViewController.swift */,
				2DA6FEBF2AE72BE60077125D /* HomeViewModel.swift */,
				2DA6FEC32AE72C000077125D /* HomeRoute.swift */,
				2DA6FEBD2AE72BE60077125D /* HomeRouter.swift */,
			);
			path = Home;
			sourceTree = "<group>";
		};
		2D8CB1AC2B49BBBF00AB29F5 /* MovieDetail */ = {
			isa = PBXGroup;
			children = (
				2D8CB1AE2B49BBE500AB29F5 /* MovieDetailViewController.swift */,
				2D8CB1AF2B49BBE500AB29F5 /* MovieDetailViewModel.swift */,
				2D8CB1AD2B49BBE500AB29F5 /* MovieDetailRouter.swift */,
				2D8CB1B32B49BBF900AB29F5 /* MovieDetailRoute.swift */,
			);
			path = MovieDetail;
			sourceTree = "<group>";
		};
		2D9A88F12B01D20A005B12D5 /* UIComponents */ = {
			isa = PBXGroup;
			children = (
				2D9A88F22B01D252005B12D5 /* HomeHeaderCellModel+Extension.swift */,
				2DD621322B02C30600E57105 /* HomeCellModel+Extension.swift */,
				2DD378442B28D0FB0030C856 /* SearchCellModel+Extension.swift */,
				2D83E7562B61223300E74320 /* MovieDetailSimilarCellModel+Extension.swift */,
			);
			path = UIComponents;
			sourceTree = "<group>";
		};
		2DC157F92B243B870041D38C /* Search */ = {
			isa = PBXGroup;
			children = (
				2DC157FB2B243BA70041D38C /* SearchViewController.swift */,
				2DC157FC2B243BA70041D38C /* SearchViewModel.swift */,
				2DC157FA2B243BA70041D38C /* SearchRouter.swift */,
			);
			path = Search;
			sourceTree = "<group>";
		};
		2DD358AE2AE145F8001D1EA5 /* DataProvider */ = {
			isa = PBXGroup;
			children = (
				2DD358AF2AE14613001D1EA5 /* APIDataProvider.swift */,
				2DD358B12AE14620001D1EA5 /* APIRequestInterceptor.swift */,
				2DD358B32AE146FA001D1EA5 /* APIRequestAdapter.swift */,
				2DD358B52AE14706001D1EA5 /* APILogger.swift */,
				2DD358B72AE1471A001D1EA5 /* DataProvider.swift */,
			);
			path = DataProvider;
			sourceTree = "<group>";
		};
		2DEAB9922ADFE28D007FD609 = {
			isa = PBXGroup;
			children = (
				2D43BB0F2AE0A2A300A6702C /* .swiftlint.yml */,
				2DEAB99D2ADFE28D007FD609 /* DataMovieApp */,
				2DEAB99C2ADFE28D007FD609 /* Products */,
				B7ED5E591707FEFA7D822291 /* Pods */,
				36B455A3B5ECC5931203A2BB /* Frameworks */,
			);
			sourceTree = "<group>";
		};
		2DEAB99C2ADFE28D007FD609 /* Products */ = {
			isa = PBXGroup;
			children = (
				2DEAB99B2ADFE28D007FD609 /* DataMovieApp.app */,
			);
			name = Products;
			sourceTree = "<group>";
		};
		2DEAB99D2ADFE28D007FD609 /* DataMovieApp */ = {
			isa = PBXGroup;
			children = (
				2D9A88F12B01D20A005B12D5 /* UIComponents */,
				2D3F535D2AE330EE005B441E /* Scenes */,
				2DD358AE2AE145F8001D1EA5 /* DataProvider */,
				2D1E21042AE1120300EEF185 /* Routing */,
				2DEAB9B42ADFFE91007FD609 /* AppDelegate */,
				2DEAB9A72ADFE28F007FD609 /* Assets.xcassets */,
				2DEAB9A92ADFE28F007FD609 /* LaunchScreen.storyboard */,
				2DEAB9AC2ADFE28F007FD609 /* Info.plist */,
			);
			path = DataMovieApp;
			sourceTree = "<group>";
		};
		2DEAB9B42ADFFE91007FD609 /* AppDelegate */ = {
			isa = PBXGroup;
			children = (
				2DEAB99E2ADFE28D007FD609 /* AppDelegate.swift */,
				2DEAB9CE2ADFFFF1007FD609 /* DataMovieApp-Bridging-Header.h */,
			);
			path = AppDelegate;
			sourceTree = "<group>";
		};
		36B455A3B5ECC5931203A2BB /* Frameworks */ = {
			isa = PBXGroup;
			children = (
				2DD358AB2AE11A1E001D1EA5 /* Utilities.framework */,
				2DD358A82AE11A1A001D1EA5 /* DataProvider.framework */,
				2DEAB9C92ADFFF54007FD609 /* UIComponents.framework */,
				AB0B1CF43783EF76AA62938C /* Pods_DataMovieApp.framework */,
			);
			name = Frameworks;
			sourceTree = "<group>";
		};
		B7ED5E591707FEFA7D822291 /* Pods */ = {
			isa = PBXGroup;
			children = (
				C636495D2C531DBEC68383C8 /* Pods-DataMovieApp.debug.xcconfig */,
				8A45131040B7291D2173A1D9 /* Pods-DataMovieApp.release.xcconfig */,
			);
			path = Pods;
			sourceTree = "<group>";
		};
/* End PBXGroup section */

/* Begin PBXNativeTarget section */
		2DEAB99A2ADFE28D007FD609 /* DataMovieApp */ = {
			isa = PBXNativeTarget;
			buildConfigurationList = 2DEAB9AF2ADFE28F007FD609 /* Build configuration list for PBXNativeTarget "DataMovieApp" */;
			buildPhases = (
				D5770A1FD78C70999B53A37A /* [CP] Check Pods Manifest.lock */,
				2DEAB9B22ADFF9C1007FD609 /* Run SwiftLint */,
				2DEAB9972ADFE28D007FD609 /* Sources */,
				2DEAB9982ADFE28D007FD609 /* Frameworks */,
				2DEAB9992ADFE28D007FD609 /* Resources */,
				2DEAB9CC2ADFFF54007FD609 /* Embed Frameworks */,
				DA4A9B0372DAA14EA883F742 /* [CP] Embed Pods Frameworks */,
			);
			buildRules = (
			);
			dependencies = (
			);
			name = DataMovieApp;
			productName = DataMovieApp;
			productReference = 2DEAB99B2ADFE28D007FD609 /* DataMovieApp.app */;
			productType = "com.apple.product-type.application";
		};
/* End PBXNativeTarget section */

/* Begin PBXProject section */
		2DEAB9932ADFE28D007FD609 /* Project object */ = {
			isa = PBXProject;
			attributes = {
				BuildIndependentTargetsInParallel = 1;
				LastSwiftUpdateCheck = 1420;
				LastUpgradeCheck = 1420;
				TargetAttributes = {
					2DEAB99A2ADFE28D007FD609 = {
						CreatedOnToolsVersion = 14.2;
						LastSwiftMigration = 1420;
					};
				};
			};
			buildConfigurationList = 2DEAB9962ADFE28D007FD609 /* Build configuration list for PBXProject "DataMovieApp" */;
			compatibilityVersion = "Xcode 13.0";
			developmentRegion = en;
			hasScannedForEncodings = 0;
			knownRegions = (
				en,
				Base,
			);
			mainGroup = 2DEAB9922ADFE28D007FD609;
			productRefGroup = 2DEAB99C2ADFE28D007FD609 /* Products */;
			projectDirPath = "";
			projectRoot = "";
			targets = (
				2DEAB99A2ADFE28D007FD609 /* DataMovieApp */,
			);
		};
/* End PBXProject section */

/* Begin PBXResourcesBuildPhase section */
		2DEAB9992ADFE28D007FD609 /* Resources */ = {
			isa = PBXResourcesBuildPhase;
			buildActionMask = 2147483647;
			files = (
				2D43BB102AE0A2A300A6702C /* .swiftlint.yml in Resources */,
				2DEAB9AB2ADFE28F007FD609 /* LaunchScreen.storyboard in Resources */,
				2DEAB9A82ADFE28F007FD609 /* Assets.xcassets in Resources */,
			);
			runOnlyForDeploymentPostprocessing = 0;
		};
/* End PBXResourcesBuildPhase section */

/* Begin PBXShellScriptBuildPhase section */
		2DEAB9B22ADFF9C1007FD609 /* Run SwiftLint */ = {
			isa = PBXShellScriptBuildPhase;
			buildActionMask = 2147483647;
			files = (
			);
			inputFileListPaths = (
			);
			inputPaths = (
			);
			name = "Run SwiftLint";
			outputFileListPaths = (
			);
			outputPaths = (
			);
			runOnlyForDeploymentPostprocessing = 0;
			shellPath = /bin/sh;
			shellScript = "\"${PODS_ROOT}/SwiftLint/swiftlint\"\n";
		};
		D5770A1FD78C70999B53A37A /* [CP] Check Pods Manifest.lock */ = {
			isa = PBXShellScriptBuildPhase;
			buildActionMask = 2147483647;
			files = (
			);
			inputFileListPaths = (
			);
			inputPaths = (
				"${PODS_PODFILE_DIR_PATH}/Podfile.lock",
				"${PODS_ROOT}/Manifest.lock",
			);
			name = "[CP] Check Pods Manifest.lock";
			outputFileListPaths = (
			);
			outputPaths = (
				"$(DERIVED_FILE_DIR)/Pods-DataMovieApp-checkManifestLockResult.txt",
			);
			runOnlyForDeploymentPostprocessing = 0;
			shellPath = /bin/sh;
			shellScript = "diff \"${PODS_PODFILE_DIR_PATH}/Podfile.lock\" \"${PODS_ROOT}/Manifest.lock\" > /dev/null\nif [ $? != 0 ] ; then\n    # print error to STDERR\n    echo \"error: The sandbox is not in sync with the Podfile.lock. Run 'pod install' or update your CocoaPods installation.\" >&2\n    exit 1\nfi\n# This output is used by Xcode 'outputs' to avoid re-running this script phase.\necho \"SUCCESS\" > \"${SCRIPT_OUTPUT_FILE_0}\"\n";
			showEnvVarsInLog = 0;
		};
		DA4A9B0372DAA14EA883F742 /* [CP] Embed Pods Frameworks */ = {
			isa = PBXShellScriptBuildPhase;
			buildActionMask = 2147483647;
			files = (
			);
			inputFileListPaths = (
				"${PODS_ROOT}/Target Support Files/Pods-DataMovieApp/Pods-DataMovieApp-frameworks-${CONFIGURATION}-input-files.xcfilelist",
			);
			name = "[CP] Embed Pods Frameworks";
			outputFileListPaths = (
				"${PODS_ROOT}/Target Support Files/Pods-DataMovieApp/Pods-DataMovieApp-frameworks-${CONFIGURATION}-output-files.xcfilelist",
			);
			runOnlyForDeploymentPostprocessing = 0;
			shellPath = /bin/sh;
			shellScript = "\"${PODS_ROOT}/Target Support Files/Pods-DataMovieApp/Pods-DataMovieApp-frameworks.sh\"\n";
			showEnvVarsInLog = 0;
		};
/* End PBXShellScriptBuildPhase section */

/* Begin PBXSourcesBuildPhase section */
		2DEAB9972ADFE28D007FD609 /* Sources */ = {
			isa = PBXSourcesBuildPhase;
			buildActionMask = 2147483647;
			files = (
				2D1E21142AE112C200EEF185 /* Transition.swift in Sources */,
				2D1E210E2AE1129200EEF185 /* ModalTransition.swift in Sources */,
				2DA6FEC12AE72BE60077125D /* HomeViewController.swift in Sources */,
				2DA6FEC22AE72BE60077125D /* HomeViewModel.swift in Sources */,
				2D8CB1B12B49BBE500AB29F5 /* MovieDetailViewController.swift in Sources */,
				2D3F53622AE3314B005B441E /* BaseViewModel.swift in Sources */,
				2D1E211A2AE112FE00EEF185 /* Router.swift in Sources */,
				2DD358B02AE14613001D1EA5 /* APIDataProvider.swift in Sources */,
				2D1E21102AE112A800EEF185 /* PlaceOnWindowTransition.swift in Sources */,
				2D83E7572B61223300E74320 /* MovieDetailSimilarCellModel+Extension.swift in Sources */,
				2DA6FEC02AE72BE60077125D /* HomeRouter.swift in Sources */,
				2D9A88F32B01D252005B12D5 /* HomeHeaderCellModel+Extension.swift in Sources */,
				2DD621332B02C30700E57105 /* HomeCellModel+Extension.swift in Sources */,
				2D1E21162AE112E800EEF185 /* AppRouter.swift in Sources */,
				2DEAB99F2ADFE28D007FD609 /* AppDelegate.swift in Sources */,
				2DC157FD2B243BA70041D38C /* SearchRouter.swift in Sources */,
				2D8CB1B42B49BBF900AB29F5 /* MovieDetailRoute.swift in Sources */,
				2DD358B22AE14620001D1EA5 /* APIRequestInterceptor.swift in Sources */,
				2DD358B42AE146FA001D1EA5 /* APIRequestAdapter.swift in Sources */,
				2DD358B62AE14706001D1EA5 /* APILogger.swift in Sources */,
				2D1E21182AE112F200EEF185 /* Animator.swift in Sources */,
				2D8CB1B02B49BBE500AB29F5 /* MovieDetailRouter.swift in Sources */,
				2DC157FE2B243BA70041D38C /* SearchViewController.swift in Sources */,
				2DD358B82AE1471A001D1EA5 /* DataProvider.swift in Sources */,
				2D3F53602AE33138005B441E /* BaseViewController.swift in Sources */,
				2D8CB1B22B49BBE500AB29F5 /* MovieDetailViewModel.swift in Sources */,
				2DC157FF2B243BA70041D38C /* SearchViewModel.swift in Sources */,
				2D1E21122AE112B900EEF185 /* PushTransition.swift in Sources */,
				2DD378452B28D0FB0030C856 /* SearchCellModel+Extension.swift in Sources */,
				2DA6FEC42AE72C000077125D /* HomeRoute.swift in Sources */,
				2D1E210A2AE1126B00EEF185 /* DismissableRoute.swift in Sources */,
			);
			runOnlyForDeploymentPostprocessing = 0;
		};
/* End PBXSourcesBuildPhase section */

/* Begin PBXVariantGroup section */
		2DEAB9A92ADFE28F007FD609 /* LaunchScreen.storyboard */ = {
			isa = PBXVariantGroup;
			children = (
				2DEAB9AA2ADFE28F007FD609 /* Base */,
			);
			name = LaunchScreen.storyboard;
			sourceTree = "<group>";
		};
/* End PBXVariantGroup section */

/* Begin XCBuildConfiguration section */
		2DEAB9AD2ADFE28F007FD609 /* Debug */ = {
			isa = XCBuildConfiguration;
			buildSettings = {
				ALWAYS_SEARCH_USER_PATHS = NO;
				CLANG_ANALYZER_NONNULL = YES;
				CLANG_ANALYZER_NUMBER_OBJECT_CONVERSION = YES_AGGRESSIVE;
				CLANG_CXX_LANGUAGE_STANDARD = "gnu++20";
				CLANG_ENABLE_MODULES = YES;
				CLANG_ENABLE_OBJC_ARC = YES;
				CLANG_ENABLE_OBJC_WEAK = YES;
				CLANG_WARN_BLOCK_CAPTURE_AUTORELEASING = YES;
				CLANG_WARN_BOOL_CONVERSION = YES;
				CLANG_WARN_COMMA = YES;
				CLANG_WARN_CONSTANT_CONVERSION = YES;
				CLANG_WARN_DEPRECATED_OBJC_IMPLEMENTATIONS = YES;
				CLANG_WARN_DIRECT_OBJC_ISA_USAGE = YES_ERROR;
				CLANG_WARN_DOCUMENTATION_COMMENTS = YES;
				CLANG_WARN_EMPTY_BODY = YES;
				CLANG_WARN_ENUM_CONVERSION = YES;
				CLANG_WARN_INFINITE_RECURSION = YES;
				CLANG_WARN_INT_CONVERSION = YES;
				CLANG_WARN_NON_LITERAL_NULL_CONVERSION = YES;
				CLANG_WARN_OBJC_IMPLICIT_RETAIN_SELF = YES;
				CLANG_WARN_OBJC_LITERAL_CONVERSION = YES;
				CLANG_WARN_OBJC_ROOT_CLASS = YES_ERROR;
				CLANG_WARN_QUOTED_INCLUDE_IN_FRAMEWORK_HEADER = YES;
				CLANG_WARN_RANGE_LOOP_ANALYSIS = YES;
				CLANG_WARN_STRICT_PROTOTYPES = YES;
				CLANG_WARN_SUSPICIOUS_MOVE = YES;
				CLANG_WARN_UNGUARDED_AVAILABILITY = YES_AGGRESSIVE;
				CLANG_WARN_UNREACHABLE_CODE = YES;
				CLANG_WARN__DUPLICATE_METHOD_MATCH = YES;
				COPY_PHASE_STRIP = NO;
				DEBUG_INFORMATION_FORMAT = dwarf;
				ENABLE_STRICT_OBJC_MSGSEND = YES;
				ENABLE_TESTABILITY = YES;
				GCC_C_LANGUAGE_STANDARD = gnu11;
				GCC_DYNAMIC_NO_PIC = NO;
				GCC_NO_COMMON_BLOCKS = YES;
				GCC_OPTIMIZATION_LEVEL = 0;
				GCC_PREPROCESSOR_DEFINITIONS = (
					"DEBUG=1",
					"$(inherited)",
				);
				GCC_WARN_64_TO_32_BIT_CONVERSION = YES;
				GCC_WARN_ABOUT_RETURN_TYPE = YES_ERROR;
				GCC_WARN_UNDECLARED_SELECTOR = YES;
				GCC_WARN_UNINITIALIZED_AUTOS = YES_AGGRESSIVE;
				GCC_WARN_UNUSED_FUNCTION = YES;
				GCC_WARN_UNUSED_VARIABLE = YES;
				IPHONEOS_DEPLOYMENT_TARGET = 11.0;
				MTL_ENABLE_DEBUG_INFO = INCLUDE_SOURCE;
				MTL_FAST_MATH = YES;
				ONLY_ACTIVE_ARCH = YES;
				SDKROOT = iphoneos;
				SWIFT_ACTIVE_COMPILATION_CONDITIONS = DEBUG;
				SWIFT_OPTIMIZATION_LEVEL = "-Onone";
			};
			name = Debug;
		};
		2DEAB9AE2ADFE28F007FD609 /* Release */ = {
			isa = XCBuildConfiguration;
			buildSettings = {
				ALWAYS_SEARCH_USER_PATHS = NO;
				CLANG_ANALYZER_NONNULL = YES;
				CLANG_ANALYZER_NUMBER_OBJECT_CONVERSION = YES_AGGRESSIVE;
				CLANG_CXX_LANGUAGE_STANDARD = "gnu++20";
				CLANG_ENABLE_MODULES = YES;
				CLANG_ENABLE_OBJC_ARC = YES;
				CLANG_ENABLE_OBJC_WEAK = YES;
				CLANG_WARN_BLOCK_CAPTURE_AUTORELEASING = YES;
				CLANG_WARN_BOOL_CONVERSION = YES;
				CLANG_WARN_COMMA = YES;
				CLANG_WARN_CONSTANT_CONVERSION = YES;
				CLANG_WARN_DEPRECATED_OBJC_IMPLEMENTATIONS = YES;
				CLANG_WARN_DIRECT_OBJC_ISA_USAGE = YES_ERROR;
				CLANG_WARN_DOCUMENTATION_COMMENTS = YES;
				CLANG_WARN_EMPTY_BODY = YES;
				CLANG_WARN_ENUM_CONVERSION = YES;
				CLANG_WARN_INFINITE_RECURSION = YES;
				CLANG_WARN_INT_CONVERSION = YES;
				CLANG_WARN_NON_LITERAL_NULL_CONVERSION = YES;
				CLANG_WARN_OBJC_IMPLICIT_RETAIN_SELF = YES;
				CLANG_WARN_OBJC_LITERAL_CONVERSION = YES;
				CLANG_WARN_OBJC_ROOT_CLASS = YES_ERROR;
				CLANG_WARN_QUOTED_INCLUDE_IN_FRAMEWORK_HEADER = YES;
				CLANG_WARN_RANGE_LOOP_ANALYSIS = YES;
				CLANG_WARN_STRICT_PROTOTYPES = YES;
				CLANG_WARN_SUSPICIOUS_MOVE = YES;
				CLANG_WARN_UNGUARDED_AVAILABILITY = YES_AGGRESSIVE;
				CLANG_WARN_UNREACHABLE_CODE = YES;
				CLANG_WARN__DUPLICATE_METHOD_MATCH = YES;
				COPY_PHASE_STRIP = NO;
				DEBUG_INFORMATION_FORMAT = "dwarf-with-dsym";
				ENABLE_NS_ASSERTIONS = NO;
				ENABLE_STRICT_OBJC_MSGSEND = YES;
				GCC_C_LANGUAGE_STANDARD = gnu11;
				GCC_NO_COMMON_BLOCKS = YES;
				GCC_WARN_64_TO_32_BIT_CONVERSION = YES;
				GCC_WARN_ABOUT_RETURN_TYPE = YES_ERROR;
				GCC_WARN_UNDECLARED_SELECTOR = YES;
				GCC_WARN_UNINITIALIZED_AUTOS = YES_AGGRESSIVE;
				GCC_WARN_UNUSED_FUNCTION = YES;
				GCC_WARN_UNUSED_VARIABLE = YES;
				IPHONEOS_DEPLOYMENT_TARGET = 11.0;
				MTL_ENABLE_DEBUG_INFO = NO;
				MTL_FAST_MATH = YES;
				SDKROOT = iphoneos;
				SWIFT_COMPILATION_MODE = wholemodule;
				SWIFT_OPTIMIZATION_LEVEL = "-O";
				VALIDATE_PRODUCT = YES;
			};
			name = Release;
		};
		2DEAB9B02ADFE28F007FD609 /* Debug */ = {
			isa = XCBuildConfiguration;
			baseConfigurationReference = C636495D2C531DBEC68383C8 /* Pods-DataMovieApp.debug.xcconfig */;
			buildSettings = {
				ASSETCATALOG_COMPILER_APPICON_NAME = AppIcon;
				ASSETCATALOG_COMPILER_GLOBAL_ACCENT_COLOR_NAME = AccentColor;
				CLANG_ENABLE_MODULES = YES;
				CODE_SIGN_STYLE = Automatic;
				CURRENT_PROJECT_VERSION = 1;
				DEVELOPMENT_TEAM = 6KBC8FTKD3;
				GENERATE_INFOPLIST_FILE = YES;
				INFOPLIST_FILE = DataMovieApp/Info.plist;
				INFOPLIST_KEY_UIApplicationSupportsIndirectInputEvents = YES;
				INFOPLIST_KEY_UILaunchStoryboardName = LaunchScreen;
				INFOPLIST_KEY_UISupportedInterfaceOrientations_iPad = "UIInterfaceOrientationPortrait UIInterfaceOrientationPortraitUpsideDown UIInterfaceOrientationLandscapeLeft UIInterfaceOrientationLandscapeRight";
				INFOPLIST_KEY_UISupportedInterfaceOrientations_iPhone = "UIInterfaceOrientationPortrait UIInterfaceOrientationLandscapeLeft UIInterfaceOrientationLandscapeRight";
				IPHONEOS_DEPLOYMENT_TARGET = 11.0;
				LD_RUNPATH_SEARCH_PATHS = (
					"$(inherited)",
					"@executable_path/Frameworks",
				);
				MARKETING_VERSION = 1.0;
				PRODUCT_BUNDLE_IDENTIFIER = UmitBakiDikbiyik.DataMovieApp;
				PRODUCT_NAME = "$(TARGET_NAME)";
				SWIFT_EMIT_LOC_STRINGS = YES;
				SWIFT_OBJC_BRIDGING_HEADER = "DataMovieApp/AppDelegate/DataMovieApp-Bridging-Header.h";
				SWIFT_OPTIMIZATION_LEVEL = "-Onone";
				SWIFT_VERSION = 5.0;
				TARGETED_DEVICE_FAMILY = "1,2";
			};
			name = Debug;
		};
		2DEAB9B12ADFE28F007FD609 /* Release */ = {
			isa = XCBuildConfiguration;
			baseConfigurationReference = 8A45131040B7291D2173A1D9 /* Pods-DataMovieApp.release.xcconfig */;
			buildSettings = {
				ASSETCATALOG_COMPILER_APPICON_NAME = AppIcon;
				ASSETCATALOG_COMPILER_GLOBAL_ACCENT_COLOR_NAME = AccentColor;
				CLANG_ENABLE_MODULES = YES;
				CODE_SIGN_STYLE = Automatic;
				CURRENT_PROJECT_VERSION = 1;
				DEVELOPMENT_TEAM = 6KBC8FTKD3;
				GENERATE_INFOPLIST_FILE = YES;
				INFOPLIST_FILE = DataMovieApp/Info.plist;
				INFOPLIST_KEY_UIApplicationSupportsIndirectInputEvents = YES;
				INFOPLIST_KEY_UILaunchStoryboardName = LaunchScreen;
				INFOPLIST_KEY_UISupportedInterfaceOrientations_iPad = "UIInterfaceOrientationPortrait UIInterfaceOrientationPortraitUpsideDown UIInterfaceOrientationLandscapeLeft UIInterfaceOrientationLandscapeRight";
				INFOPLIST_KEY_UISupportedInterfaceOrientations_iPhone = "UIInterfaceOrientationPortrait UIInterfaceOrientationLandscapeLeft UIInterfaceOrientationLandscapeRight";
				IPHONEOS_DEPLOYMENT_TARGET = 11.0;
				LD_RUNPATH_SEARCH_PATHS = (
					"$(inherited)",
					"@executable_path/Frameworks",
				);
				MARKETING_VERSION = 1.0;
				PRODUCT_BUNDLE_IDENTIFIER = UmitBakiDikbiyik.DataMovieApp;
				PRODUCT_NAME = "$(TARGET_NAME)";
				SWIFT_EMIT_LOC_STRINGS = YES;
				SWIFT_OBJC_BRIDGING_HEADER = "DataMovieApp/AppDelegate/DataMovieApp-Bridging-Header.h";
				SWIFT_VERSION = 5.0;
				TARGETED_DEVICE_FAMILY = "1,2";
			};
			name = Release;
		};
/* End XCBuildConfiguration section */

/* Begin XCConfigurationList section */
		2DEAB9962ADFE28D007FD609 /* Build configuration list for PBXProject "DataMovieApp" */ = {
			isa = XCConfigurationList;
			buildConfigurations = (
				2DEAB9AD2ADFE28F007FD609 /* Debug */,
				2DEAB9AE2ADFE28F007FD609 /* Release */,
			);
			defaultConfigurationIsVisible = 0;
			defaultConfigurationName = Release;
		};
		2DEAB9AF2ADFE28F007FD609 /* Build configuration list for PBXNativeTarget "DataMovieApp" */ = {
			isa = XCConfigurationList;
			buildConfigurations = (
				2DEAB9B02ADFE28F007FD609 /* Debug */,
				2DEAB9B12ADFE28F007FD609 /* Release */,
			);
			defaultConfigurationIsVisible = 0;
			defaultConfigurationName = Release;
		};
/* End XCConfigurationList section */
	};
	rootObject = 2DEAB9932ADFE28D007FD609 /* Project object */;
}
