// !$*UTF8*$!
{
	archiveVersion = 1;
	classes = {
	};
	objectVersion = 55;
	objects = {

/* Begin PBXBuildFile section */
		1A507034352938DE09680B16 /* Pods_DataProvider.framework in Frameworks */ = {isa = PBXBuildFile; fileRef = 9BD02538B59640F378178F52 /* Pods_DataProvider.framework */; };
		2D3203272AE3C444009C6CAB /* DataMovieResponse.swift in Sources */ = {isa = PBXBuildFile; fileRef = 2D3203262AE3C444009C6CAB /* DataMovieResponse.swift */; };
		2D3203292AE3C7E2009C6CAB /* DataMovieInfo.swift in Sources */ = {isa = PBXBuildFile; fileRef = 2D3203282AE3C7E2009C6CAB /* DataMovieInfo.swift */; };
		2D32032C2AE3F0D9009C6CAB /* NowPlayingDataMovieRequest.swift in Sources */ = {isa = PBXBuildFile; fileRef = 2D32032B2AE3F0D9009C6CAB /* NowPlayingDataMovieRequest.swift */; };
		2D3F534C2AE32E14005B441E /* Typealias.swift in Sources */ = {isa = PBXBuildFile; fileRef = 2D3F534B2AE32E14005B441E /* Typealias.swift */; };
		2D3F534E2AE32E21005B441E /* RequestProtocol.swift in Sources */ = {isa = PBXBuildFile; fileRef = 2D3F534D2AE32E21005B441E /* RequestProtocol.swift */; };
		2D3F53502AE32E2E005B441E /* DecodableResponseRequest.swift in Sources */ = {isa = PBXBuildFile; fileRef = 2D3F534F2AE32E2E005B441E /* DecodableResponseRequest.swift */; };
		2D3F53522AE32E3B005B441E /* APIDecodableResponseRequest.swift in Sources */ = {isa = PBXBuildFile; fileRef = 2D3F53512AE32E3B005B441E /* APIDecodableResponseRequest.swift */; };
		2D3F53542AE32E49005B441E /* RequestMethod.swift in Sources */ = {isa = PBXBuildFile; fileRef = 2D3F53532AE32E49005B441E /* RequestMethod.swift */; };
		2D3F53562AE32E57005B441E /* RequestEncoding.swift in Sources */ = {isa = PBXBuildFile; fileRef = 2D3F53552AE32E57005B441E /* RequestEncoding.swift */; };
		2D3F53582AE32E68005B441E /* DataProviderResult.swift in Sources */ = {isa = PBXBuildFile; fileRef = 2D3F53572AE32E68005B441E /* DataProviderResult.swift */; };
		2D3F535A2AE32E7A005B441E /* DataMovieAppRequest.swift in Sources */ = {isa = PBXBuildFile; fileRef = 2D3F53592AE32E7A005B441E /* DataMovieAppRequest.swift */; };
		2D699E7F2AE514AB00504B0A /* UpcomingDataMovieRequest.swift in Sources */ = {isa = PBXBuildFile; fileRef = 2D699E7E2AE514AB00504B0A /* UpcomingDataMovieRequest.swift */; };
		2D9AFF292B278F9F00F06D00 /* SearchMovieRequest.swift in Sources */ = {isa = PBXBuildFile; fileRef = 2D9AFF282B278F9F00F06D00 /* SearchMovieRequest.swift */; };
		2DD3588B2AE1174B001D1EA5 /* DataProvider.h in Headers */ = {isa = PBXBuildFile; fileRef = 2DD3588A2AE1174B001D1EA5 /* DataProvider.h */; settings = {ATTRIBUTES = (Public, ); }; };
/* End PBXBuildFile section */

/* Begin PBXFileReference section */
		2D3203262AE3C444009C6CAB /* DataMovieResponse.swift */ = {isa = PBXFileReference; lastKnownFileType = sourcecode.swift; path = DataMovieResponse.swift; sourceTree = "<group>"; };
		2D3203282AE3C7E2009C6CAB /* DataMovieInfo.swift */ = {isa = PBXFileReference; lastKnownFileType = sourcecode.swift; path = DataMovieInfo.swift; sourceTree = "<group>"; };
		2D32032B2AE3F0D9009C6CAB /* NowPlayingDataMovieRequest.swift */ = {isa = PBXFileReference; lastKnownFileType = sourcecode.swift; path = NowPlayingDataMovieRequest.swift; sourceTree = "<group>"; };
		2D3F534B2AE32E14005B441E /* Typealias.swift */ = {isa = PBXFileReference; lastKnownFileType = sourcecode.swift; path = Typealias.swift; sourceTree = "<group>"; };
		2D3F534D2AE32E21005B441E /* RequestProtocol.swift */ = {isa = PBXFileReference; lastKnownFileType = sourcecode.swift; path = RequestProtocol.swift; sourceTree = "<group>"; };
		2D3F534F2AE32E2E005B441E /* DecodableResponseRequest.swift */ = {isa = PBXFileReference; lastKnownFileType = sourcecode.swift; path = DecodableResponseRequest.swift; sourceTree = "<group>"; };
		2D3F53512AE32E3B005B441E /* APIDecodableResponseRequest.swift */ = {isa = PBXFileReference; lastKnownFileType = sourcecode.swift; path = APIDecodableResponseRequest.swift; sourceTree = "<group>"; };
		2D3F53532AE32E49005B441E /* RequestMethod.swift */ = {isa = PBXFileReference; lastKnownFileType = sourcecode.swift; path = RequestMethod.swift; sourceTree = "<group>"; };
		2D3F53552AE32E57005B441E /* RequestEncoding.swift */ = {isa = PBXFileReference; lastKnownFileType = sourcecode.swift; path = RequestEncoding.swift; sourceTree = "<group>"; };
		2D3F53572AE32E68005B441E /* DataProviderResult.swift */ = {isa = PBXFileReference; lastKnownFileType = sourcecode.swift; path = DataProviderResult.swift; sourceTree = "<group>"; };
		2D3F53592AE32E7A005B441E /* DataMovieAppRequest.swift */ = {isa = PBXFileReference; lastKnownFileType = sourcecode.swift; path = DataMovieAppRequest.swift; sourceTree = "<group>"; };
		2D699E7E2AE514AB00504B0A /* UpcomingDataMovieRequest.swift */ = {isa = PBXFileReference; lastKnownFileType = sourcecode.swift; path = UpcomingDataMovieRequest.swift; sourceTree = "<group>"; };
		2D9AFF282B278F9F00F06D00 /* SearchMovieRequest.swift */ = {isa = PBXFileReference; lastKnownFileType = sourcecode.swift; path = SearchMovieRequest.swift; sourceTree = "<group>"; };
		2DD358872AE1174B001D1EA5 /* DataProvider.framework */ = {isa = PBXFileReference; explicitFileType = wrapper.framework; includeInIndex = 0; path = DataProvider.framework; sourceTree = BUILT_PRODUCTS_DIR; };
		2DD3588A2AE1174B001D1EA5 /* DataProvider.h */ = {isa = PBXFileReference; lastKnownFileType = sourcecode.c.h; path = DataProvider.h; sourceTree = "<group>"; };
		3ED4CC4E4C7C4D2054C2EA49 /* Pods-DataMovieApp-DataProvider.debug.xcconfig */ = {isa = PBXFileReference; includeInIndex = 1; lastKnownFileType = text.xcconfig; name = "Pods-DataMovieApp-DataProvider.debug.xcconfig"; path = "Target Support Files/Pods-DataMovieApp-DataProvider/Pods-DataMovieApp-DataProvider.debug.xcconfig"; sourceTree = "<group>"; };
		9BD02538B59640F378178F52 /* Pods_DataProvider.framework */ = {isa = PBXFileReference; explicitFileType = wrapper.framework; includeInIndex = 0; path = Pods_DataProvider.framework; sourceTree = BUILT_PRODUCTS_DIR; };
		AF990CFE8E064A7922C987A3 /* Pods-DataProvider.debug.xcconfig */ = {isa = PBXFileReference; includeInIndex = 1; lastKnownFileType = text.xcconfig; name = "Pods-DataProvider.debug.xcconfig"; path = "Target Support Files/Pods-DataProvider/Pods-DataProvider.debug.xcconfig"; sourceTree = "<group>"; };
		D5B85B3BE324F0A4DD8BBA9B /* Pods-DataMovieApp-DataProvider.release.xcconfig */ = {isa = PBXFileReference; includeInIndex = 1; lastKnownFileType = text.xcconfig; name = "Pods-DataMovieApp-DataProvider.release.xcconfig"; path = "Target Support Files/Pods-DataMovieApp-DataProvider/Pods-DataMovieApp-DataProvider.release.xcconfig"; sourceTree = "<group>"; };
		FE41824FED033B2FD51139B5 /* Pods-DataProvider.release.xcconfig */ = {isa = PBXFileReference; includeInIndex = 1; lastKnownFileType = text.xcconfig; name = "Pods-DataProvider.release.xcconfig"; path = "Target Support Files/Pods-DataProvider/Pods-DataProvider.release.xcconfig"; sourceTree = "<group>"; };
/* End PBXFileReference section */

/* Begin PBXFrameworksBuildPhase section */
		2DD358842AE1174B001D1EA5 /* Frameworks */ = {
			isa = PBXFrameworksBuildPhase;
			buildActionMask = 2147483647;
			files = (
				1A507034352938DE09680B16 /* Pods_DataProvider.framework in Frameworks */,
			);
			runOnlyForDeploymentPostprocessing = 0;
		};
/* End PBXFrameworksBuildPhase section */

/* Begin PBXGroup section */
		2D3203252AE3C3C9009C6CAB /* Model */ = {
			isa = PBXGroup;
			children = (
				2D3203262AE3C444009C6CAB /* DataMovieResponse.swift */,
				2D3203282AE3C7E2009C6CAB /* DataMovieInfo.swift */,
			);
			path = Model;
			sourceTree = "<group>";
		};
		2D32032A2AE3F099009C6CAB /* Request */ = {
			isa = PBXGroup;
			children = (
				2D32032B2AE3F0D9009C6CAB /* NowPlayingDataMovieRequest.swift */,
				2D699E7E2AE514AB00504B0A /* UpcomingDataMovieRequest.swift */,
				2D9AFF282B278F9F00F06D00 /* SearchMovieRequest.swift */,
			);
			name = Request;
			sourceTree = "<group>";
		};
		2D3F534A2AE32E04005B441E /* Core */ = {
			isa = PBXGroup;
			children = (
				2D3F534B2AE32E14005B441E /* Typealias.swift */,
				2D3F534D2AE32E21005B441E /* RequestProtocol.swift */,
				2D3F534F2AE32E2E005B441E /* DecodableResponseRequest.swift */,
				2D3F53512AE32E3B005B441E /* APIDecodableResponseRequest.swift */,
				2D3F53532AE32E49005B441E /* RequestMethod.swift */,
				2D3F53552AE32E57005B441E /* RequestEncoding.swift */,
				2D3F53572AE32E68005B441E /* DataProviderResult.swift */,
				2D3F53592AE32E7A005B441E /* DataMovieAppRequest.swift */,
			);
			path = Core;
			sourceTree = "<group>";
		};
		2DD3587D2AE1174B001D1EA5 = {
			isa = PBXGroup;
			children = (
				2DD358892AE1174B001D1EA5 /* DataProvider */,
				2DD358882AE1174B001D1EA5 /* Products */,
				791C140B150E3FE63B9FD323 /* Pods */,
				AB3D341939EBD4D6189BAB46 /* Frameworks */,
			);
			sourceTree = "<group>";
		};
		2DD358882AE1174B001D1EA5 /* Products */ = {
			isa = PBXGroup;
			children = (
				2DD358872AE1174B001D1EA5 /* DataProvider.framework */,
			);
			name = Products;
			sourceTree = "<group>";
		};
		2DD358892AE1174B001D1EA5 /* DataProvider */ = {
			isa = PBXGroup;
			children = (
				2D32032A2AE3F099009C6CAB /* Request */,
				2D3F534A2AE32E04005B441E /* Core */,
				2D3203252AE3C3C9009C6CAB /* Model */,
				2DD3588A2AE1174B001D1EA5 /* DataProvider.h */,
			);
			path = DataProvider;
			sourceTree = "<group>";
		};
		791C140B150E3FE63B9FD323 /* Pods */ = {
			isa = PBXGroup;
			children = (
				3ED4CC4E4C7C4D2054C2EA49 /* Pods-DataMovieApp-DataProvider.debug.xcconfig */,
				D5B85B3BE324F0A4DD8BBA9B /* Pods-DataMovieApp-DataProvider.release.xcconfig */,
				AF990CFE8E064A7922C987A3 /* Pods-DataProvider.debug.xcconfig */,
				FE41824FED033B2FD51139B5 /* Pods-DataProvider.release.xcconfig */,
			);
			name = Pods;
			path = ../Pods;
			sourceTree = "<group>";
		};
		AB3D341939EBD4D6189BAB46 /* Frameworks */ = {
			isa = PBXGroup;
			children = (
				9BD02538B59640F378178F52 /* Pods_DataProvider.framework */,
			);
			name = Frameworks;
			sourceTree = "<group>";
		};
/* End PBXGroup section */

/* Begin PBXHeadersBuildPhase section */
		2DD358822AE1174B001D1EA5 /* Headers */ = {
			isa = PBXHeadersBuildPhase;
			buildActionMask = 2147483647;
			files = (
				2DD3588B2AE1174B001D1EA5 /* DataProvider.h in Headers */,
			);
			runOnlyForDeploymentPostprocessing = 0;
		};
/* End PBXHeadersBuildPhase section */

/* Begin PBXNativeTarget section */
		2DD358862AE1174B001D1EA5 /* DataProvider */ = {
			isa = PBXNativeTarget;
			buildConfigurationList = 2DD3588E2AE1174B001D1EA5 /* Build configuration list for PBXNativeTarget "DataProvider" */;
			buildPhases = (
				5D578F47FACFF1A9FF29AF9C /* [CP] Check Pods Manifest.lock */,
				2DD358822AE1174B001D1EA5 /* Headers */,
				2DD358832AE1174B001D1EA5 /* Sources */,
				2DD358842AE1174B001D1EA5 /* Frameworks */,
				2DD358852AE1174B001D1EA5 /* Resources */,
			);
			buildRules = (
			);
			dependencies = (
			);
			name = DataProvider;
			productName = DataProvider;
			productReference = 2DD358872AE1174B001D1EA5 /* DataProvider.framework */;
			productType = "com.apple.product-type.framework";
		};
/* End PBXNativeTarget section */

/* Begin PBXProject section */
		2DD3587E2AE1174B001D1EA5 /* Project object */ = {
			isa = PBXProject;
			attributes = {
				BuildIndependentTargetsInParallel = 1;
				LastUpgradeCheck = 1420;
				TargetAttributes = {
					2DD358862AE1174B001D1EA5 = {
						CreatedOnToolsVersion = 14.2;
						LastSwiftMigration = 1420;
					};
				};
			};
			buildConfigurationList = 2DD358812AE1174B001D1EA5 /* Build configuration list for PBXProject "DataProvider" */;
			compatibilityVersion = "Xcode 13.0";
			developmentRegion = en;
			hasScannedForEncodings = 0;
			knownRegions = (
				en,
				Base,
			);
			mainGroup = 2DD3587D2AE1174B001D1EA5;
			productRefGroup = 2DD358882AE1174B001D1EA5 /* Products */;
			projectDirPath = "";
			projectRoot = "";
			targets = (
				2DD358862AE1174B001D1EA5 /* DataProvider */,
			);
		};
/* End PBXProject section */

/* Begin PBXResourcesBuildPhase section */
		2DD358852AE1174B001D1EA5 /* Resources */ = {
			isa = PBXResourcesBuildPhase;
			buildActionMask = 2147483647;
			files = (
			);
			runOnlyForDeploymentPostprocessing = 0;
		};
/* End PBXResourcesBuildPhase section */

/* Begin PBXShellScriptBuildPhase section */
		5D578F47FACFF1A9FF29AF9C /* [CP] Check Pods Manifest.lock */ = {
			isa = PBXShellScriptBuildPhase;
			buildActionMask = 2147483647;
			files = (
			);
			inputFileListPaths = (
			);
			inputPaths = (
				"${PODS_PODFILE_DIR_PATH}/Podfile.lock",
				"${PODS_ROOT}/Manifest.lock",
			);
			name = "[CP] Check Pods Manifest.lock";
			outputFileListPaths = (
			);
			outputPaths = (
				"$(DERIVED_FILE_DIR)/Pods-DataProvider-checkManifestLockResult.txt",
			);
			runOnlyForDeploymentPostprocessing = 0;
			shellPath = /bin/sh;
			shellScript = "diff \"${PODS_PODFILE_DIR_PATH}/Podfile.lock\" \"${PODS_ROOT}/Manifest.lock\" > /dev/null\nif [ $? != 0 ] ; then\n    # print error to STDERR\n    echo \"error: The sandbox is not in sync with the Podfile.lock. Run 'pod install' or update your CocoaPods installation.\" >&2\n    exit 1\nfi\n# This output is used by Xcode 'outputs' to avoid re-running this script phase.\necho \"SUCCESS\" > \"${SCRIPT_OUTPUT_FILE_0}\"\n";
			showEnvVarsInLog = 0;
		};
/* End PBXShellScriptBuildPhase section */

/* Begin PBXSourcesBuildPhase section */
		2DD358832AE1174B001D1EA5 /* Sources */ = {
			isa = PBXSourcesBuildPhase;
			buildActionMask = 2147483647;
			files = (
				2D3F535A2AE32E7A005B441E /* DataMovieAppRequest.swift in Sources */,
				2D32032C2AE3F0D9009C6CAB /* NowPlayingDataMovieRequest.swift in Sources */,
				2D3F53502AE32E2E005B441E /* DecodableResponseRequest.swift in Sources */,
				2D9AFF292B278F9F00F06D00 /* SearchMovieRequest.swift in Sources */,
				2D3203292AE3C7E2009C6CAB /* DataMovieInfo.swift in Sources */,
				2D3F534C2AE32E14005B441E /* Typealias.swift in Sources */,
				2D3F53562AE32E57005B441E /* RequestEncoding.swift in Sources */,
				2D3203272AE3C444009C6CAB /* DataMovieResponse.swift in Sources */,
				2D3F534E2AE32E21005B441E /* RequestProtocol.swift in Sources */,
				2D3F53542AE32E49005B441E /* RequestMethod.swift in Sources */,
				2D3F53582AE32E68005B441E /* DataProviderResult.swift in Sources */,
				2D699E7F2AE514AB00504B0A /* UpcomingDataMovieRequest.swift in Sources */,
				2D3F53522AE32E3B005B441E /* APIDecodableResponseRequest.swift in Sources */,
			);
			runOnlyForDeploymentPostprocessing = 0;
		};
/* End PBXSourcesBuildPhase section */

/* Begin XCBuildConfiguration section */
		2DD3588C2AE1174B001D1EA5 /* Debug */ = {
			isa = XCBuildConfiguration;
			buildSettings = {
				ALWAYS_SEARCH_USER_PATHS = NO;
				CLANG_ANALYZER_NONNULL = YES;
				CLANG_ANALYZER_NUMBER_OBJECT_CONVERSION = YES_AGGRESSIVE;
				CLANG_CXX_LANGUAGE_STANDARD = "gnu++20";
				CLANG_ENABLE_MODULES = YES;
				CLANG_ENABLE_OBJC_ARC = YES;
				CLANG_ENABLE_OBJC_WEAK = YES;
				CLANG_WARN_BLOCK_CAPTURE_AUTORELEASING = YES;
				CLANG_WARN_BOOL_CONVERSION = YES;
				CLANG_WARN_COMMA = YES;
				CLANG_WARN_CONSTANT_CONVERSION = YES;
				CLANG_WARN_DEPRECATED_OBJC_IMPLEMENTATIONS = YES;
				CLANG_WARN_DIRECT_OBJC_ISA_USAGE = YES_ERROR;
				CLANG_WARN_DOCUMENTATION_COMMENTS = YES;
				CLANG_WARN_EMPTY_BODY = YES;
				CLANG_WARN_ENUM_CONVERSION = YES;
				CLANG_WARN_INFINITE_RECURSION = YES;
				CLANG_WARN_INT_CONVERSION = YES;
				CLANG_WARN_NON_LITERAL_NULL_CONVERSION = YES;
				CLANG_WARN_OBJC_IMPLICIT_RETAIN_SELF = YES;
				CLANG_WARN_OBJC_LITERAL_CONVERSION = YES;
				CLANG_WARN_OBJC_ROOT_CLASS = YES_ERROR;
				CLANG_WARN_QUOTED_INCLUDE_IN_FRAMEWORK_HEADER = YES;
				CLANG_WARN_RANGE_LOOP_ANALYSIS = YES;
				CLANG_WARN_STRICT_PROTOTYPES = YES;
				CLANG_WARN_SUSPICIOUS_MOVE = YES;
				CLANG_WARN_UNGUARDED_AVAILABILITY = YES_AGGRESSIVE;
				CLANG_WARN_UNREACHABLE_CODE = YES;
				CLANG_WARN__DUPLICATE_METHOD_MATCH = YES;
				COPY_PHASE_STRIP = NO;
				CURRENT_PROJECT_VERSION = 1;
				DEBUG_INFORMATION_FORMAT = dwarf;
				ENABLE_STRICT_OBJC_MSGSEND = YES;
				ENABLE_TESTABILITY = YES;
				GCC_C_LANGUAGE_STANDARD = gnu11;
				GCC_DYNAMIC_NO_PIC = NO;
				GCC_NO_COMMON_BLOCKS = YES;
				GCC_OPTIMIZATION_LEVEL = 0;
				GCC_PREPROCESSOR_DEFINITIONS = (
					"DEBUG=1",
					"$(inherited)",
				);
				GCC_WARN_64_TO_32_BIT_CONVERSION = YES;
				GCC_WARN_ABOUT_RETURN_TYPE = YES_ERROR;
				GCC_WARN_UNDECLARED_SELECTOR = YES;
				GCC_WARN_UNINITIALIZED_AUTOS = YES_AGGRESSIVE;
				GCC_WARN_UNUSED_FUNCTION = YES;
				GCC_WARN_UNUSED_VARIABLE = YES;
				IPHONEOS_DEPLOYMENT_TARGET = 11.0;
				MTL_ENABLE_DEBUG_INFO = INCLUDE_SOURCE;
				MTL_FAST_MATH = YES;
				ONLY_ACTIVE_ARCH = YES;
				SDKROOT = iphoneos;
				SWIFT_ACTIVE_COMPILATION_CONDITIONS = DEBUG;
				SWIFT_OPTIMIZATION_LEVEL = "-Onone";
				VERSIONING_SYSTEM = "apple-generic";
				VERSION_INFO_PREFIX = "";
			};
			name = Debug;
		};
		2DD3588D2AE1174B001D1EA5 /* Release */ = {
			isa = XCBuildConfiguration;
			buildSettings = {
				ALWAYS_SEARCH_USER_PATHS = NO;
				CLANG_ANALYZER_NONNULL = YES;
				CLANG_ANALYZER_NUMBER_OBJECT_CONVERSION = YES_AGGRESSIVE;
				CLANG_CXX_LANGUAGE_STANDARD = "gnu++20";
				CLANG_ENABLE_MODULES = YES;
				CLANG_ENABLE_OBJC_ARC = YES;
				CLANG_ENABLE_OBJC_WEAK = YES;
				CLANG_WARN_BLOCK_CAPTURE_AUTORELEASING = YES;
				CLANG_WARN_BOOL_CONVERSION = YES;
				CLANG_WARN_COMMA = YES;
				CLANG_WARN_CONSTANT_CONVERSION = YES;
				CLANG_WARN_DEPRECATED_OBJC_IMPLEMENTATIONS = YES;
				CLANG_WARN_DIRECT_OBJC_ISA_USAGE = YES_ERROR;
				CLANG_WARN_DOCUMENTATION_COMMENTS = YES;
				CLANG_WARN_EMPTY_BODY = YES;
				CLANG_WARN_ENUM_CONVERSION = YES;
				CLANG_WARN_INFINITE_RECURSION = YES;
				CLANG_WARN_INT_CONVERSION = YES;
				CLANG_WARN_NON_LITERAL_NULL_CONVERSION = YES;
				CLANG_WARN_OBJC_IMPLICIT_RETAIN_SELF = YES;
				CLANG_WARN_OBJC_LITERAL_CONVERSION = YES;
				CLANG_WARN_OBJC_ROOT_CLASS = YES_ERROR;
				CLANG_WARN_QUOTED_INCLUDE_IN_FRAMEWORK_HEADER = YES;
				CLANG_WARN_RANGE_LOOP_ANALYSIS = YES;
				CLANG_WARN_STRICT_PROTOTYPES = YES;
				CLANG_WARN_SUSPICIOUS_MOVE = YES;
				CLANG_WARN_UNGUARDED_AVAILABILITY = YES_AGGRESSIVE;
				CLANG_WARN_UNREACHABLE_CODE = YES;
				CLANG_WARN__DUPLICATE_METHOD_MATCH = YES;
				COPY_PHASE_STRIP = NO;
				CURRENT_PROJECT_VERSION = 1;
				DEBUG_INFORMATION_FORMAT = "dwarf-with-dsym";
				ENABLE_NS_ASSERTIONS = NO;
				ENABLE_STRICT_OBJC_MSGSEND = YES;
				GCC_C_LANGUAGE_STANDARD = gnu11;
				GCC_NO_COMMON_BLOCKS = YES;
				GCC_WARN_64_TO_32_BIT_CONVERSION = YES;
				GCC_WARN_ABOUT_RETURN_TYPE = YES_ERROR;
				GCC_WARN_UNDECLARED_SELECTOR = YES;
				GCC_WARN_UNINITIALIZED_AUTOS = YES_AGGRESSIVE;
				GCC_WARN_UNUSED_FUNCTION = YES;
				GCC_WARN_UNUSED_VARIABLE = YES;
				IPHONEOS_DEPLOYMENT_TARGET = 11.0;
				MTL_ENABLE_DEBUG_INFO = NO;
				MTL_FAST_MATH = YES;
				SDKROOT = iphoneos;
				SWIFT_COMPILATION_MODE = wholemodule;
				SWIFT_OPTIMIZATION_LEVEL = "-O";
				VALIDATE_PRODUCT = YES;
				VERSIONING_SYSTEM = "apple-generic";
				VERSION_INFO_PREFIX = "";
			};
			name = Release;
		};
		2DD3588F2AE1174B001D1EA5 /* Debug */ = {
			isa = XCBuildConfiguration;
			baseConfigurationReference = AF990CFE8E064A7922C987A3 /* Pods-DataProvider.debug.xcconfig */;
			buildSettings = {
				CLANG_ENABLE_MODULES = YES;
				CODE_SIGN_STYLE = Automatic;
				CURRENT_PROJECT_VERSION = 1;
				DEFINES_MODULE = YES;
				DEVELOPMENT_TEAM = 6KBC8FTKD3;
				DYLIB_COMPATIBILITY_VERSION = 1;
				DYLIB_CURRENT_VERSION = 1;
				DYLIB_INSTALL_NAME_BASE = "@rpath";
				GENERATE_INFOPLIST_FILE = YES;
				INFOPLIST_KEY_NSHumanReadableCopyright = "";
				INSTALL_PATH = "$(LOCAL_LIBRARY_DIR)/Frameworks";
				IPHONEOS_DEPLOYMENT_TARGET = 11.0;
				LD_RUNPATH_SEARCH_PATHS = (
					"$(inherited)",
					"@executable_path/Frameworks",
					"@loader_path/Frameworks",
				);
				MARKETING_VERSION = 1.0;
				PRODUCT_BUNDLE_IDENTIFIER = UmitBakiDikbiyik.DataProvider;
				PRODUCT_NAME = "$(TARGET_NAME:c99extidentifier)";
				SKIP_INSTALL = YES;
				SWIFT_EMIT_LOC_STRINGS = YES;
				SWIFT_OPTIMIZATION_LEVEL = "-Onone";
				SWIFT_VERSION = 5.0;
				TARGETED_DEVICE_FAMILY = "1,2";
			};
			name = Debug;
		};
		2DD358902AE1174B001D1EA5 /* Release */ = {
			isa = XCBuildConfiguration;
			baseConfigurationReference = FE41824FED033B2FD51139B5 /* Pods-DataProvider.release.xcconfig */;
			buildSettings = {
				CLANG_ENABLE_MODULES = YES;
				CODE_SIGN_STYLE = Automatic;
				CURRENT_PROJECT_VERSION = 1;
				DEFINES_MODULE = YES;
				DEVELOPMENT_TEAM = 6KBC8FTKD3;
				DYLIB_COMPATIBILITY_VERSION = 1;
				DYLIB_CURRENT_VERSION = 1;
				DYLIB_INSTALL_NAME_BASE = "@rpath";
				GENERATE_INFOPLIST_FILE = YES;
				INFOPLIST_KEY_NSHumanReadableCopyright = "";
				INSTALL_PATH = "$(LOCAL_LIBRARY_DIR)/Frameworks";
				IPHONEOS_DEPLOYMENT_TARGET = 11.0;
				LD_RUNPATH_SEARCH_PATHS = (
					"$(inherited)",
					"@executable_path/Frameworks",
					"@loader_path/Frameworks",
				);
				MARKETING_VERSION = 1.0;
				PRODUCT_BUNDLE_IDENTIFIER = UmitBakiDikbiyik.DataProvider;
				PRODUCT_NAME = "$(TARGET_NAME:c99extidentifier)";
				SKIP_INSTALL = YES;
				SWIFT_EMIT_LOC_STRINGS = YES;
				SWIFT_VERSION = 5.0;
				TARGETED_DEVICE_FAMILY = "1,2";
			};
			name = Release;
		};
/* End XCBuildConfiguration section */

/* Begin XCConfigurationList section */
		2DD358812AE1174B001D1EA5 /* Build configuration list for PBXProject "DataProvider" */ = {
			isa = XCConfigurationList;
			buildConfigurations = (
				2DD3588C2AE1174B001D1EA5 /* Debug */,
				2DD3588D2AE1174B001D1EA5 /* Release */,
			);
			defaultConfigurationIsVisible = 0;
			defaultConfigurationName = Release;
		};
		2DD3588E2AE1174B001D1EA5 /* Build configuration list for PBXNativeTarget "DataProvider" */ = {
			isa = XCConfigurationList;
			buildConfigurations = (
				2DD3588F2AE1174B001D1EA5 /* Debug */,
				2DD358902AE1174B001D1EA5 /* Release */,
			);
			defaultConfigurationIsVisible = 0;
			defaultConfigurationName = Release;
		};
/* End XCConfigurationList section */
	};
	rootObject = 2DD3587E2AE1174B001D1EA5 /* Project object */;
}
