// !$*UTF8*$!
{
	archiveVersion = 1;
	classes = {
	};
	objectVersion = 55;
	objects = {

/* Begin PBXBuildFile section */
		081FDFB159E95F3D012D4308 /* Pods_UIComponents.framework in Frameworks */ = {isa = PBXBuildFile; fileRef = 40061580C79A5B0700C00120 /* Pods_UIComponents.framework */; };
		2D131E9C2AFB99730099432A /* UIFonts+Extensions.swift in Sources */ = {isa = PBXBuildFile; fileRef = 2D131E9B2AFB99730099432A /* UIFonts+Extensions.swift */; };
		2D3F53652AE331ED005B441E /* ActivityIndicatorView.swift in Sources */ = {isa = PBXBuildFile; fileRef = 2D3F53642AE331ED005B441E /* ActivityIndicatorView.swift */; };
		2D3F53682AE33217005B441E /* ToastPresenter.swift in Sources */ = {isa = PBXBuildFile; fileRef = 2D3F53672AE33217005B441E /* ToastPresenter.swift */; };
		2D3F536A2AE3322D005B441E /* ToastWarningView.swift in Sources */ = {isa = PBXBuildFile; fileRef = 2D3F53692AE3322D005B441E /* ToastWarningView.swift */; };
		2D3F536D2AE33265005B441E /* LoadingProtocol.swift in Sources */ = {isa = PBXBuildFile; fileRef = 2D3F536C2AE33265005B441E /* LoadingProtocol.swift */; };
		2D3F536F2AE33273005B441E /* ActivityIndicatorProtocol.swift in Sources */ = {isa = PBXBuildFile; fileRef = 2D3F536E2AE33273005B441E /* ActivityIndicatorProtocol.swift */; };
		2D3F53712AE33283005B441E /* BlockingActivityIndicator.swift in Sources */ = {isa = PBXBuildFile; fileRef = 2D3F53702AE33283005B441E /* BlockingActivityIndicator.swift */; };
		2D43BAEF2AE09A7700A6702C /* UIComponents.h in Headers */ = {isa = PBXBuildFile; fileRef = 2D43BAEE2AE09A7700A6702C /* UIComponents.h */; settings = {ATTRIBUTES = (Public, ); }; };
		2D43BAF72AE09E3200A6702C /* swiftgen.yml in Resources */ = {isa = PBXBuildFile; fileRef = 2D43BAF62AE09E3200A6702C /* swiftgen.yml */; };
		2D43BAFB2AE09E9000A6702C /* Localizable.strings in Resources */ = {isa = PBXBuildFile; fileRef = 2D43BAFA2AE09E9000A6702C /* Localizable.strings */; };
		2D43BAFD2AE09EB500A6702C /* StringConstants.swift in Sources */ = {isa = PBXBuildFile; fileRef = 2D43BAFC2AE09EB500A6702C /* StringConstants.swift */; };
		2D43BB002AE09F0A00A6702C /* Images.xcassets in Resources */ = {isa = PBXBuildFile; fileRef = 2D43BAFF2AE09F0A00A6702C /* Images.xcassets */; };
		2D43BB022AE09F1B00A6702C /* Icons.xcassets in Resources */ = {isa = PBXBuildFile; fileRef = 2D43BB012AE09F1B00A6702C /* Icons.xcassets */; };
		2D43BB042AE09F2D00A6702C /* Colors.xcassets in Resources */ = {isa = PBXBuildFile; fileRef = 2D43BB032AE09F2D00A6702C /* Colors.xcassets */; };
		2D43BB062AE09F5100A6702C /* Assets.swift in Sources */ = {isa = PBXBuildFile; fileRef = 2D43BB052AE09F5100A6702C /* Assets.swift */; };
		2D43BB082AE09F8300A6702C /* UIImage+Images.swift in Sources */ = {isa = PBXBuildFile; fileRef = 2D43BB072AE09F8300A6702C /* UIImage+Images.swift */; };
		2D43BB0A2AE09F9200A6702C /* UIImage+Icons.swift in Sources */ = {isa = PBXBuildFile; fileRef = 2D43BB092AE09F9200A6702C /* UIImage+Icons.swift */; };
		2D43BB0C2AE09FB800A6702C /* UIColor+Colors.swift in Sources */ = {isa = PBXBuildFile; fileRef = 2D43BB0B2AE09FB800A6702C /* UIColor+Colors.swift */; };
		2D43BB0E2AE0A02400A6702C /* Localize.swift in Sources */ = {isa = PBXBuildFile; fileRef = 2D43BB0D2AE0A02400A6702C /* Localize.swift */; };
		2D48731A2AFF4A0200C874FA /* UICollectionView+Extensions.swift in Sources */ = {isa = PBXBuildFile; fileRef = 2D4873192AFF4A0200C874FA /* UICollectionView+Extensions.swift */; };
		2D48731D2AFF5BDC00C874FA /* HomeCellModel.swift in Sources */ = {isa = PBXBuildFile; fileRef = 2D48731B2AFF5BDC00C874FA /* HomeCellModel.swift */; };
		2D48731E2AFF5BDC00C874FA /* HomeCell.swift in Sources */ = {isa = PBXBuildFile; fileRef = 2D48731C2AFF5BDC00C874FA /* HomeCell.swift */; };
		2D5CF7862AFE015B0094A74A /* UIImageView+Extensions.swift in Sources */ = {isa = PBXBuildFile; fileRef = 2D5CF7852AFE015B0094A74A /* UIImageView+Extensions.swift */; };
		2D83E7512B61155900E74320 /* MovieDetailSimilarCell.swift in Sources */ = {isa = PBXBuildFile; fileRef = 2D83E74F2B61155900E74320 /* MovieDetailSimilarCell.swift */; };
		2D83E7522B61155900E74320 /* MovieDetailSimilarCellModel.swift in Sources */ = {isa = PBXBuildFile; fileRef = 2D83E7502B61155900E74320 /* MovieDetailSimilarCellModel.swift */; };
		2D9884D72B34C88C00EC9B82 /* Nunito-SemiBold.ttf in Resources */ = {isa = PBXBuildFile; fileRef = 2D9884D42B34C88C00EC9B82 /* Nunito-SemiBold.ttf */; };
		2D9884D82B34C88C00EC9B82 /* Nunito-ExtraBold.ttf in Resources */ = {isa = PBXBuildFile; fileRef = 2D9884D52B34C88C00EC9B82 /* Nunito-ExtraBold.ttf */; };
		2D9884D92B34C88C00EC9B82 /* Nunito-Bold.ttf in Resources */ = {isa = PBXBuildFile; fileRef = 2D9884D62B34C88C00EC9B82 /* Nunito-Bold.ttf */; };
		2D9AFF262B277D7E00F06D00 /* SearchCell.swift in Sources */ = {isa = PBXBuildFile; fileRef = 2D9AFF242B277D7E00F06D00 /* SearchCell.swift */; };
		2D9AFF272B277D7E00F06D00 /* SearchCellModel.swift in Sources */ = {isa = PBXBuildFile; fileRef = 2D9AFF252B277D7E00F06D00 /* SearchCellModel.swift */; };
		2D9C0ACE2AE7D6CB00941255 /* HomeMovieHeaderView.swift in Sources */ = {isa = PBXBuildFile; fileRef = 2D9C0ACD2AE7D6CB00941255 /* HomeMovieHeaderView.swift */; };
		2D9C0AD12AE7DBD200941255 /* PageControl.swift in Sources */ = {isa = PBXBuildFile; fileRef = 2D9C0AD02AE7DBD200941255 /* PageControl.swift */; };
		2D9C0AD62AE7DCAD00941255 /* HomeMovieHeaderCell.swift in Sources */ = {isa = PBXBuildFile; fileRef = 2D9C0AD42AE7DCAD00941255 /* HomeMovieHeaderCell.swift */; };
		2D9C0AD72AE7DCAD00941255 /* HomeMovieHeaderCellModel.swift in Sources */ = {isa = PBXBuildFile; fileRef = 2D9C0AD52AE7DCAD00941255 /* HomeMovieHeaderCellModel.swift */; };
		2DC85E292B086597005645D3 /* Fonts.swift in Sources */ = {isa = PBXBuildFile; fileRef = 2DC85E282B086597005645D3 /* Fonts.swift */; };
		2DEB1A462B107FBD00C9B673 /* ActivityIndicatorFooterView.swift in Sources */ = {isa = PBXBuildFile; fileRef = 2DEB1A452B107FBD00C9B673 /* ActivityIndicatorFooterView.swift */; };
		2DF016352AEA0E4A00696EDA /* ReusableView.swift in Sources */ = {isa = PBXBuildFile; fileRef = 2DF016342AEA0E4A00696EDA /* ReusableView.swift */; };
/* End PBXBuildFile section */

/* Begin PBXFileReference section */
		2D131E9B2AFB99730099432A /* UIFonts+Extensions.swift */ = {isa = PBXFileReference; lastKnownFileType = sourcecode.swift; path = "UIFonts+Extensions.swift"; sourceTree = "<group>"; };
		2D3F53642AE331ED005B441E /* ActivityIndicatorView.swift */ = {isa = PBXFileReference; lastKnownFileType = sourcecode.swift; path = ActivityIndicatorView.swift; sourceTree = "<group>"; };
		2D3F53672AE33217005B441E /* ToastPresenter.swift */ = {isa = PBXFileReference; lastKnownFileType = sourcecode.swift; path = ToastPresenter.swift; sourceTree = "<group>"; };
		2D3F53692AE3322D005B441E /* ToastWarningView.swift */ = {isa = PBXFileReference; lastKnownFileType = sourcecode.swift; path = ToastWarningView.swift; sourceTree = "<group>"; };
		2D3F536C2AE33265005B441E /* LoadingProtocol.swift */ = {isa = PBXFileReference; lastKnownFileType = sourcecode.swift; path = LoadingProtocol.swift; sourceTree = "<group>"; };
		2D3F536E2AE33273005B441E /* ActivityIndicatorProtocol.swift */ = {isa = PBXFileReference; lastKnownFileType = sourcecode.swift; path = ActivityIndicatorProtocol.swift; sourceTree = "<group>"; };
		2D3F53702AE33283005B441E /* BlockingActivityIndicator.swift */ = {isa = PBXFileReference; lastKnownFileType = sourcecode.swift; path = BlockingActivityIndicator.swift; sourceTree = "<group>"; };
		2D43BAEB2AE09A7700A6702C /* UIComponents.framework */ = {isa = PBXFileReference; explicitFileType = wrapper.framework; includeInIndex = 0; path = UIComponents.framework; sourceTree = BUILT_PRODUCTS_DIR; };
		2D43BAEE2AE09A7700A6702C /* UIComponents.h */ = {isa = PBXFileReference; lastKnownFileType = sourcecode.c.h; path = UIComponents.h; sourceTree = "<group>"; };
		2D43BAF62AE09E3200A6702C /* swiftgen.yml */ = {isa = PBXFileReference; fileEncoding = 4; lastKnownFileType = text.yaml; path = swiftgen.yml; sourceTree = "<group>"; };
		2D43BAFA2AE09E9000A6702C /* Localizable.strings */ = {isa = PBXFileReference; lastKnownFileType = text.plist.strings; path = Localizable.strings; sourceTree = "<group>"; };
		2D43BAFC2AE09EB500A6702C /* StringConstants.swift */ = {isa = PBXFileReference; lastKnownFileType = sourcecode.swift; path = StringConstants.swift; sourceTree = "<group>"; };
		2D43BAFF2AE09F0A00A6702C /* Images.xcassets */ = {isa = PBXFileReference; lastKnownFileType = folder.assetcatalog; path = Images.xcassets; sourceTree = "<group>"; };
		2D43BB012AE09F1B00A6702C /* Icons.xcassets */ = {isa = PBXFileReference; lastKnownFileType = folder.assetcatalog; path = Icons.xcassets; sourceTree = "<group>"; };
		2D43BB032AE09F2D00A6702C /* Colors.xcassets */ = {isa = PBXFileReference; lastKnownFileType = folder.assetcatalog; path = Colors.xcassets; sourceTree = "<group>"; };
		2D43BB052AE09F5100A6702C /* Assets.swift */ = {isa = PBXFileReference; lastKnownFileType = sourcecode.swift; path = Assets.swift; sourceTree = "<group>"; };
		2D43BB072AE09F8300A6702C /* UIImage+Images.swift */ = {isa = PBXFileReference; lastKnownFileType = sourcecode.swift; path = "UIImage+Images.swift"; sourceTree = "<group>"; };
		2D43BB092AE09F9200A6702C /* UIImage+Icons.swift */ = {isa = PBXFileReference; lastKnownFileType = sourcecode.swift; path = "UIImage+Icons.swift"; sourceTree = "<group>"; };
		2D43BB0B2AE09FB800A6702C /* UIColor+Colors.swift */ = {isa = PBXFileReference; lastKnownFileType = sourcecode.swift; path = "UIColor+Colors.swift"; sourceTree = "<group>"; };
		2D43BB0D2AE0A02400A6702C /* Localize.swift */ = {isa = PBXFileReference; lastKnownFileType = sourcecode.swift; path = Localize.swift; sourceTree = "<group>"; };
		2D4873192AFF4A0200C874FA /* UICollectionView+Extensions.swift */ = {isa = PBXFileReference; lastKnownFileType = sourcecode.swift; path = "UICollectionView+Extensions.swift"; sourceTree = "<group>"; };
		2D48731B2AFF5BDC00C874FA /* HomeCellModel.swift */ = {isa = PBXFileReference; lastKnownFileType = sourcecode.swift; path = HomeCellModel.swift; sourceTree = "<group>"; };
		2D48731C2AFF5BDC00C874FA /* HomeCell.swift */ = {isa = PBXFileReference; lastKnownFileType = sourcecode.swift; path = HomeCell.swift; sourceTree = "<group>"; };
		2D5CF7852AFE015B0094A74A /* UIImageView+Extensions.swift */ = {isa = PBXFileReference; lastKnownFileType = sourcecode.swift; path = "UIImageView+Extensions.swift"; sourceTree = "<group>"; };
		2D83E74F2B61155900E74320 /* MovieDetailSimilarCell.swift */ = {isa = PBXFileReference; lastKnownFileType = sourcecode.swift; path = MovieDetailSimilarCell.swift; sourceTree = "<group>"; };
		2D83E7502B61155900E74320 /* MovieDetailSimilarCellModel.swift */ = {isa = PBXFileReference; lastKnownFileType = sourcecode.swift; path = MovieDetailSimilarCellModel.swift; sourceTree = "<group>"; };
		2D9884D42B34C88C00EC9B82 /* Nunito-SemiBold.ttf */ = {isa = PBXFileReference; lastKnownFileType = file; path = "Nunito-SemiBold.ttf"; sourceTree = "<group>"; };
		2D9884D52B34C88C00EC9B82 /* Nunito-ExtraBold.ttf */ = {isa = PBXFileReference; lastKnownFileType = file; path = "Nunito-ExtraBold.ttf"; sourceTree = "<group>"; };
		2D9884D62B34C88C00EC9B82 /* Nunito-Bold.ttf */ = {isa = PBXFileReference; lastKnownFileType = file; path = "Nunito-Bold.ttf"; sourceTree = "<group>"; };
		2D9AFF242B277D7E00F06D00 /* SearchCell.swift */ = {isa = PBXFileReference; lastKnownFileType = sourcecode.swift; path = SearchCell.swift; sourceTree = "<group>"; };
		2D9AFF252B277D7E00F06D00 /* SearchCellModel.swift */ = {isa = PBXFileReference; lastKnownFileType = sourcecode.swift; path = SearchCellModel.swift; sourceTree = "<group>"; };
		2D9C0ACD2AE7D6CB00941255 /* HomeMovieHeaderView.swift */ = {isa = PBXFileReference; lastKnownFileType = sourcecode.swift; path = HomeMovieHeaderView.swift; sourceTree = "<group>"; };
		2D9C0AD02AE7DBD200941255 /* PageControl.swift */ = {isa = PBXFileReference; lastKnownFileType = sourcecode.swift; path = PageControl.swift; sourceTree = "<group>"; };
		2D9C0AD42AE7DCAD00941255 /* HomeMovieHeaderCell.swift */ = {isa = PBXFileReference; lastKnownFileType = sourcecode.swift; path = HomeMovieHeaderCell.swift; sourceTree = "<group>"; };
		2D9C0AD52AE7DCAD00941255 /* HomeMovieHeaderCellModel.swift */ = {isa = PBXFileReference; lastKnownFileType = sourcecode.swift; path = HomeMovieHeaderCellModel.swift; sourceTree = "<group>"; };
		2DC85E282B086597005645D3 /* Fonts.swift */ = {isa = PBXFileReference; lastKnownFileType = sourcecode.swift; path = Fonts.swift; sourceTree = "<group>"; };
		2DEB1A452B107FBD00C9B673 /* ActivityIndicatorFooterView.swift */ = {isa = PBXFileReference; lastKnownFileType = sourcecode.swift; path = ActivityIndicatorFooterView.swift; sourceTree = "<group>"; };
		2DF016342AEA0E4A00696EDA /* ReusableView.swift */ = {isa = PBXFileReference; lastKnownFileType = sourcecode.swift; path = ReusableView.swift; sourceTree = "<group>"; };
		34F184F00FF041D206532C8A /* Pods-UIComponents.debug.xcconfig */ = {isa = PBXFileReference; includeInIndex = 1; lastKnownFileType = text.xcconfig; name = "Pods-UIComponents.debug.xcconfig"; path = "Target Support Files/Pods-UIComponents/Pods-UIComponents.debug.xcconfig"; sourceTree = "<group>"; };
		40061580C79A5B0700C00120 /* Pods_UIComponents.framework */ = {isa = PBXFileReference; explicitFileType = wrapper.framework; includeInIndex = 0; path = Pods_UIComponents.framework; sourceTree = BUILT_PRODUCTS_DIR; };
		9BB7D90500CDB6E58D7F9DF7 /* Pods-UIComponents.release.xcconfig */ = {isa = PBXFileReference; includeInIndex = 1; lastKnownFileType = text.xcconfig; name = "Pods-UIComponents.release.xcconfig"; path = "Target Support Files/Pods-UIComponents/Pods-UIComponents.release.xcconfig"; sourceTree = "<group>"; };
/* End PBXFileReference section */

/* Begin PBXFrameworksBuildPhase section */
		2D43BAE82AE09A7700A6702C /* Frameworks */ = {
			isa = PBXFrameworksBuildPhase;
			buildActionMask = 2147483647;
			files = (
				081FDFB159E95F3D012D4308 /* Pods_UIComponents.framework in Frameworks */,
			);
			runOnlyForDeploymentPostprocessing = 0;
		};
/* End PBXFrameworksBuildPhase section */

/* Begin PBXGroup section */
		2D131E952AFB992A0099432A /* Fonts */ = {
			isa = PBXGroup;
			children = (
				2D131E9B2AFB99730099432A /* UIFonts+Extensions.swift */,
				2D9884D62B34C88C00EC9B82 /* Nunito-Bold.ttf */,
				2D9884D52B34C88C00EC9B82 /* Nunito-ExtraBold.ttf */,
				2D9884D42B34C88C00EC9B82 /* Nunito-SemiBold.ttf */,
				2DC85E282B086597005645D3 /* Fonts.swift */,
			);
			path = Fonts;
			sourceTree = "<group>";
		};
		2D3F53632AE33182005B441E /* UIActivityIndicatorView */ = {
			isa = PBXGroup;
			children = (
				2D3F53642AE331ED005B441E /* ActivityIndicatorView.swift */,
			);
			path = UIActivityIndicatorView;
			sourceTree = "<group>";
		};
		2D3F53662AE331F7005B441E /* Toast */ = {
			isa = PBXGroup;
			children = (
				2D3F53672AE33217005B441E /* ToastPresenter.swift */,
				2D3F53692AE3322D005B441E /* ToastWarningView.swift */,
			);
			path = Toast;
			sourceTree = "<group>";
		};
		2D3F536B2AE33257005B441E /* Loading */ = {
			isa = PBXGroup;
			children = (
				2D3F536C2AE33265005B441E /* LoadingProtocol.swift */,
				2D3F536E2AE33273005B441E /* ActivityIndicatorProtocol.swift */,
				2D3F53702AE33283005B441E /* BlockingActivityIndicator.swift */,
			);
			path = Loading;
			sourceTree = "<group>";
		};
		2D43BAE12AE09A7700A6702C = {
			isa = PBXGroup;
			children = (
				2D43BAF62AE09E3200A6702C /* swiftgen.yml */,
				2D43BAED2AE09A7700A6702C /* UIComponents */,
				2D43BAEC2AE09A7700A6702C /* Products */,
				957562BD752742303CC8AE68 /* Pods */,
				F64782EF739C9316AC35DDDD /* Frameworks */,
			);
			sourceTree = "<group>";
		};
		2D43BAEC2AE09A7700A6702C /* Products */ = {
			isa = PBXGroup;
			children = (
				2D43BAEB2AE09A7700A6702C /* UIComponents.framework */,
			);
			name = Products;
			sourceTree = "<group>";
		};
		2D43BAED2AE09A7700A6702C /* UIComponents */ = {
			isa = PBXGroup;
			children = (
				2D9AFF2A2B27912B00F06D00 /* Cell */,
				2D5CF7842AFE013B0094A74A /* Extensions */,
				2DF016332AEA0E3200696EDA /* Protocols */,
				2D9C0ACF2AE7DBAF00941255 /* UIPageControl */,
				2D9C0ACC2AE7D66000941255 /* UICollectionReusableView */,
				2D3F536B2AE33257005B441E /* Loading */,
				2D3F53662AE331F7005B441E /* Toast */,
				2D3F53632AE33182005B441E /* UIActivityIndicatorView */,
				2D43BAF82AE09E6400A6702C /* Resources */,
				2D43BAEE2AE09A7700A6702C /* UIComponents.h */,
			);
			path = UIComponents;
			sourceTree = "<group>";
		};
		2D43BAF82AE09E6400A6702C /* Resources */ = {
			isa = PBXGroup;
			children = (
				2D131E952AFB992A0099432A /* Fonts */,
				2D43BAFE2AE09ED200A6702C /* Assets */,
				2D43BAF92AE09E7C00A6702C /* Strings */,
			);
			path = Resources;
			sourceTree = "<group>";
		};
		2D43BAF92AE09E7C00A6702C /* Strings */ = {
			isa = PBXGroup;
			children = (
				2D43BAFA2AE09E9000A6702C /* Localizable.strings */,
				2D43BAFC2AE09EB500A6702C /* StringConstants.swift */,
				2D43BB0D2AE0A02400A6702C /* Localize.swift */,
			);
			path = Strings;
			sourceTree = "<group>";
		};
		2D43BAFE2AE09ED200A6702C /* Assets */ = {
			isa = PBXGroup;
			children = (
				2D43BAFF2AE09F0A00A6702C /* Images.xcassets */,
				2D43BB012AE09F1B00A6702C /* Icons.xcassets */,
				2D43BB032AE09F2D00A6702C /* Colors.xcassets */,
				2D43BB052AE09F5100A6702C /* Assets.swift */,
				2D43BB072AE09F8300A6702C /* UIImage+Images.swift */,
				2D43BB092AE09F9200A6702C /* UIImage+Icons.swift */,
				2D43BB0B2AE09FB800A6702C /* UIColor+Colors.swift */,
			);
			path = Assets;
			sourceTree = "<group>";
		};
		2D5CF7842AFE013B0094A74A /* Extensions */ = {
			isa = PBXGroup;
			children = (
				2D5CF7852AFE015B0094A74A /* UIImageView+Extensions.swift */,
				2D4873192AFF4A0200C874FA /* UICollectionView+Extensions.swift */,
			);
			path = Extensions;
			sourceTree = "<group>";
		};
		2D83E74E2B61150E00E74320 /* MovieDeatailsCell */ = {
			isa = PBXGroup;
			children = (
				2D83E74F2B61155900E74320 /* MovieDetailSimilarCell.swift */,
				2D83E7502B61155900E74320 /* MovieDetailSimilarCellModel.swift */,
			);
			path = MovieDeatailsCell;
			sourceTree = "<group>";
		};
		2D9AFF1F2B277D4800F06D00 /* SearchCell */ = {
			isa = PBXGroup;
			children = (
				2D9AFF242B277D7E00F06D00 /* SearchCell.swift */,
				2D9AFF252B277D7E00F06D00 /* SearchCellModel.swift */,
			);
			path = SearchCell;
			sourceTree = "<group>";
		};
		2D9AFF2A2B27912B00F06D00 /* Cell */ = {
			isa = PBXGroup;
			children = (
				2D83E74E2B61150E00E74320 /* MovieDeatailsCell */,
				2D9AFF1F2B277D4800F06D00 /* SearchCell */,
				2D9C0AD22AE7DC7500941255 /* HomeCell */,
			);
			path = Cell;
			sourceTree = "<group>";
		};
		2D9C0ACC2AE7D66000941255 /* UICollectionReusableView */ = {
			isa = PBXGroup;
			children = (
				2D9C0ACD2AE7D6CB00941255 /* HomeMovieHeaderView.swift */,
				2DEB1A452B107FBD00C9B673 /* ActivityIndicatorFooterView.swift */,
			);
			path = UICollectionReusableView;
			sourceTree = "<group>";
		};
		2D9C0ACF2AE7DBAF00941255 /* UIPageControl */ = {
			isa = PBXGroup;
			children = (
				2D9C0AD02AE7DBD200941255 /* PageControl.swift */,
			);
			path = UIPageControl;
			sourceTree = "<group>";
		};
		2D9C0AD22AE7DC7500941255 /* HomeCell */ = {
			isa = PBXGroup;
			children = (
				2D9C0AD32AE7DC8800941255 /* HomeMovieHeaderCell */,
				2D48731C2AFF5BDC00C874FA /* HomeCell.swift */,
				2D48731B2AFF5BDC00C874FA /* HomeCellModel.swift */,
			);
			path = HomeCell;
			sourceTree = "<group>";
		};
		2D9C0AD32AE7DC8800941255 /* HomeMovieHeaderCell */ = {
			isa = PBXGroup;
			children = (
				2D9C0AD42AE7DCAD00941255 /* HomeMovieHeaderCell.swift */,
				2D9C0AD52AE7DCAD00941255 /* HomeMovieHeaderCellModel.swift */,
			);
			path = HomeMovieHeaderCell;
			sourceTree = "<group>";
		};
		2DF016332AEA0E3200696EDA /* Protocols */ = {
			isa = PBXGroup;
			children = (
				2DF016342AEA0E4A00696EDA /* ReusableView.swift */,
			);
			path = Protocols;
			sourceTree = "<group>";
		};
		957562BD752742303CC8AE68 /* Pods */ = {
			isa = PBXGroup;
			children = (
				34F184F00FF041D206532C8A /* Pods-UIComponents.debug.xcconfig */,
				9BB7D90500CDB6E58D7F9DF7 /* Pods-UIComponents.release.xcconfig */,
			);
			name = Pods;
			path = ../Pods;
			sourceTree = "<group>";
		};
		F64782EF739C9316AC35DDDD /* Frameworks */ = {
			isa = PBXGroup;
			children = (
				40061580C79A5B0700C00120 /* Pods_UIComponents.framework */,
			);
			name = Frameworks;
			sourceTree = "<group>";
		};
/* End PBXGroup section */

/* Begin PBXHeadersBuildPhase section */
		2D43BAE62AE09A7700A6702C /* Headers */ = {
			isa = PBXHeadersBuildPhase;
			buildActionMask = 2147483647;
			files = (
				2D43BAEF2AE09A7700A6702C /* UIComponents.h in Headers */,
			);
			runOnlyForDeploymentPostprocessing = 0;
		};
/* End PBXHeadersBuildPhase section */

/* Begin PBXNativeTarget section */
		2D43BAEA2AE09A7700A6702C /* UIComponents */ = {
			isa = PBXNativeTarget;
			buildConfigurationList = 2D43BAF22AE09A7700A6702C /* Build configuration list for PBXNativeTarget "UIComponents" */;
			buildPhases = (
				DC8F59E958461A5516F5985D /* [CP] Check Pods Manifest.lock */,
				2D43BAF52AE09DFC00A6702C /* Run SwiftLint */,
				2D43BAE62AE09A7700A6702C /* Headers */,
				2D43BAE72AE09A7700A6702C /* Sources */,
				2D43BAE82AE09A7700A6702C /* Frameworks */,
				2D43BAE92AE09A7700A6702C /* Resources */,
			);
			buildRules = (
			);
			dependencies = (
			);
			name = UIComponents;
			productName = UIComponents;
			productReference = 2D43BAEB2AE09A7700A6702C /* UIComponents.framework */;
			productType = "com.apple.product-type.framework";
		};
/* End PBXNativeTarget section */

/* Begin PBXProject section */
		2D43BAE22AE09A7700A6702C /* Project object */ = {
			isa = PBXProject;
			attributes = {
				BuildIndependentTargetsInParallel = 1;
				LastUpgradeCheck = 1420;
				TargetAttributes = {
					2D43BAEA2AE09A7700A6702C = {
						CreatedOnToolsVersion = 14.2;
						LastSwiftMigration = 1420;
					};
				};
			};
			buildConfigurationList = 2D43BAE52AE09A7700A6702C /* Build configuration list for PBXProject "UIComponents" */;
			compatibilityVersion = "Xcode 13.0";
			developmentRegion = en;
			hasScannedForEncodings = 0;
			knownRegions = (
				en,
				Base,
			);
			mainGroup = 2D43BAE12AE09A7700A6702C;
			productRefGroup = 2D43BAEC2AE09A7700A6702C /* Products */;
			projectDirPath = "";
			projectRoot = "";
			targets = (
				2D43BAEA2AE09A7700A6702C /* UIComponents */,
			);
		};
/* End PBXProject section */

/* Begin PBXResourcesBuildPhase section */
		2D43BAE92AE09A7700A6702C /* Resources */ = {
			isa = PBXResourcesBuildPhase;
			buildActionMask = 2147483647;
			files = (
				2D9884D72B34C88C00EC9B82 /* Nunito-SemiBold.ttf in Resources */,
				2D43BB042AE09F2D00A6702C /* Colors.xcassets in Resources */,
				2D43BB002AE09F0A00A6702C /* Images.xcassets in Resources */,
				2D43BAF72AE09E3200A6702C /* swiftgen.yml in Resources */,
				2D43BB022AE09F1B00A6702C /* Icons.xcassets in Resources */,
				2D43BAFB2AE09E9000A6702C /* Localizable.strings in Resources */,
				2D9884D92B34C88C00EC9B82 /* Nunito-Bold.ttf in Resources */,
				2D9884D82B34C88C00EC9B82 /* Nunito-ExtraBold.ttf in Resources */,
			);
			runOnlyForDeploymentPostprocessing = 0;
		};
/* End PBXResourcesBuildPhase section */

/* Begin PBXShellScriptBuildPhase section */
		2D43BAF52AE09DFC00A6702C /* Run SwiftLint */ = {
			isa = PBXShellScriptBuildPhase;
			buildActionMask = 2147483647;
			files = (
			);
			inputFileListPaths = (
			);
			inputPaths = (
			);
			name = "Run SwiftLint";
			outputFileListPaths = (
			);
			outputPaths = (
			);
			runOnlyForDeploymentPostprocessing = 0;
			shellPath = /bin/sh;
			shellScript = "if [[ -f \"${PODS_ROOT}/SwiftGen/bin/swiftgen\" ]]; then\n  \"${PODS_ROOT}/SwiftGen/bin/swiftgen\"\nelse\n  echo \"warning: SwiftGen is not installed. Run 'pod install --repo-update' to install it.\"\nfi\n";
		};
		DC8F59E958461A5516F5985D /* [CP] Check Pods Manifest.lock */ = {
			isa = PBXShellScriptBuildPhase;
			buildActionMask = 2147483647;
			files = (
			);
			inputFileListPaths = (
			);
			inputPaths = (
				"${PODS_PODFILE_DIR_PATH}/Podfile.lock",
				"${PODS_ROOT}/Manifest.lock",
			);
			name = "[CP] Check Pods Manifest.lock";
			outputFileListPaths = (
			);
			outputPaths = (
				"$(DERIVED_FILE_DIR)/Pods-UIComponents-checkManifestLockResult.txt",
			);
			runOnlyForDeploymentPostprocessing = 0;
			shellPath = /bin/sh;
			shellScript = "diff \"${PODS_PODFILE_DIR_PATH}/Podfile.lock\" \"${PODS_ROOT}/Manifest.lock\" > /dev/null\nif [ $? != 0 ] ; then\n    # print error to STDERR\n    echo \"error: The sandbox is not in sync with the Podfile.lock. Run 'pod install' or update your CocoaPods installation.\" >&2\n    exit 1\nfi\n# This output is used by Xcode 'outputs' to avoid re-running this script phase.\necho \"SUCCESS\" > \"${SCRIPT_OUTPUT_FILE_0}\"\n";
			showEnvVarsInLog = 0;
		};
/* End PBXShellScriptBuildPhase section */

/* Begin PBXSourcesBuildPhase section */
		2D43BAE72AE09A7700A6702C /* Sources */ = {
			isa = PBXSourcesBuildPhase;
			buildActionMask = 2147483647;
			files = (
				2D43BB0E2AE0A02400A6702C /* Localize.swift in Sources */,
				2D83E7522B61155900E74320 /* MovieDetailSimilarCellModel.swift in Sources */,
				2DF016352AEA0E4A00696EDA /* ReusableView.swift in Sources */,
				2D43BB062AE09F5100A6702C /* Assets.swift in Sources */,
				2D9AFF272B277D7E00F06D00 /* SearchCellModel.swift in Sources */,
				2D3F536D2AE33265005B441E /* LoadingProtocol.swift in Sources */,
				2D3F53682AE33217005B441E /* ToastPresenter.swift in Sources */,
				2D48731E2AFF5BDC00C874FA /* HomeCell.swift in Sources */,
				2D9C0ACE2AE7D6CB00941255 /* HomeMovieHeaderView.swift in Sources */,
				2D43BAFD2AE09EB500A6702C /* StringConstants.swift in Sources */,
				2DEB1A462B107FBD00C9B673 /* ActivityIndicatorFooterView.swift in Sources */,
				2D43BB0C2AE09FB800A6702C /* UIColor+Colors.swift in Sources */,
				2D43BB0A2AE09F9200A6702C /* UIImage+Icons.swift in Sources */,
				2D9AFF262B277D7E00F06D00 /* SearchCell.swift in Sources */,
				2DC85E292B086597005645D3 /* Fonts.swift in Sources */,
				2D5CF7862AFE015B0094A74A /* UIImageView+Extensions.swift in Sources */,
				2D9C0AD12AE7DBD200941255 /* PageControl.swift in Sources */,
				2D43BB082AE09F8300A6702C /* UIImage+Images.swift in Sources */,
				2D3F536A2AE3322D005B441E /* ToastWarningView.swift in Sources */,
				2D3F53712AE33283005B441E /* BlockingActivityIndicator.swift in Sources */,
				2D48731D2AFF5BDC00C874FA /* HomeCellModel.swift in Sources */,
				2D48731A2AFF4A0200C874FA /* UICollectionView+Extensions.swift in Sources */,
				2D9C0AD72AE7DCAD00941255 /* HomeMovieHeaderCellModel.swift in Sources */,
				2D131E9C2AFB99730099432A /* UIFonts+Extensions.swift in Sources */,
				2D3F536F2AE33273005B441E /* ActivityIndicatorProtocol.swift in Sources */,
				2D83E7512B61155900E74320 /* MovieDetailSimilarCell.swift in Sources */,
				2D3F53652AE331ED005B441E /* ActivityIndicatorView.swift in Sources */,
				2D9C0AD62AE7DCAD00941255 /* HomeMovieHeaderCell.swift in Sources */,
			);
			runOnlyForDeploymentPostprocessing = 0;
		};
/* End PBXSourcesBuildPhase section */

/* Begin XCBuildConfiguration section */
		2D43BAF02AE09A7700A6702C /* Debug */ = {
			isa = XCBuildConfiguration;
			buildSettings = {
				ALWAYS_SEARCH_USER_PATHS = NO;
				CLANG_ANALYZER_NONNULL = YES;
				CLANG_ANALYZER_NUMBER_OBJECT_CONVERSION = YES_AGGRESSIVE;
				CLANG_CXX_LANGUAGE_STANDARD = "gnu++20";
				CLANG_ENABLE_MODULES = YES;
				CLANG_ENABLE_OBJC_ARC = YES;
				CLANG_ENABLE_OBJC_WEAK = YES;
				CLANG_WARN_BLOCK_CAPTURE_AUTORELEASING = YES;
				CLANG_WARN_BOOL_CONVERSION = YES;
				CLANG_WARN_COMMA = YES;
				CLANG_WARN_CONSTANT_CONVERSION = YES;
				CLANG_WARN_DEPRECATED_OBJC_IMPLEMENTATIONS = YES;
				CLANG_WARN_DIRECT_OBJC_ISA_USAGE = YES_ERROR;
				CLANG_WARN_DOCUMENTATION_COMMENTS = YES;
				CLANG_WARN_EMPTY_BODY = YES;
				CLANG_WARN_ENUM_CONVERSION = YES;
				CLANG_WARN_INFINITE_RECURSION = YES;
				CLANG_WARN_INT_CONVERSION = YES;
				CLANG_WARN_NON_LITERAL_NULL_CONVERSION = YES;
				CLANG_WARN_OBJC_IMPLICIT_RETAIN_SELF = YES;
				CLANG_WARN_OBJC_LITERAL_CONVERSION = YES;
				CLANG_WARN_OBJC_ROOT_CLASS = YES_ERROR;
				CLANG_WARN_QUOTED_INCLUDE_IN_FRAMEWORK_HEADER = YES;
				CLANG_WARN_RANGE_LOOP_ANALYSIS = YES;
				CLANG_WARN_STRICT_PROTOTYPES = YES;
				CLANG_WARN_SUSPICIOUS_MOVE = YES;
				CLANG_WARN_UNGUARDED_AVAILABILITY = YES_AGGRESSIVE;
				CLANG_WARN_UNREACHABLE_CODE = YES;
				CLANG_WARN__DUPLICATE_METHOD_MATCH = YES;
				COPY_PHASE_STRIP = NO;
				CURRENT_PROJECT_VERSION = 1;
				DEBUG_INFORMATION_FORMAT = dwarf;
				ENABLE_STRICT_OBJC_MSGSEND = YES;
				ENABLE_TESTABILITY = YES;
				GCC_C_LANGUAGE_STANDARD = gnu11;
				GCC_DYNAMIC_NO_PIC = NO;
				GCC_NO_COMMON_BLOCKS = YES;
				GCC_OPTIMIZATION_LEVEL = 0;
				GCC_PREPROCESSOR_DEFINITIONS = (
					"DEBUG=1",
					"$(inherited)",
				);
				GCC_WARN_64_TO_32_BIT_CONVERSION = YES;
				GCC_WARN_ABOUT_RETURN_TYPE = YES_ERROR;
				GCC_WARN_UNDECLARED_SELECTOR = YES;
				GCC_WARN_UNINITIALIZED_AUTOS = YES_AGGRESSIVE;
				GCC_WARN_UNUSED_FUNCTION = YES;
				GCC_WARN_UNUSED_VARIABLE = YES;
				IPHONEOS_DEPLOYMENT_TARGET = 12.0;
				MTL_ENABLE_DEBUG_INFO = INCLUDE_SOURCE;
				MTL_FAST_MATH = YES;
				ONLY_ACTIVE_ARCH = YES;
				SDKROOT = iphoneos;
				SWIFT_ACTIVE_COMPILATION_CONDITIONS = DEBUG;
				SWIFT_OPTIMIZATION_LEVEL = "-Onone";
				VERSIONING_SYSTEM = "apple-generic";
				VERSION_INFO_PREFIX = "";
			};
			name = Debug;
		};
		2D43BAF12AE09A7700A6702C /* Release */ = {
			isa = XCBuildConfiguration;
			buildSettings = {
				ALWAYS_SEARCH_USER_PATHS = NO;
				CLANG_ANALYZER_NONNULL = YES;
				CLANG_ANALYZER_NUMBER_OBJECT_CONVERSION = YES_AGGRESSIVE;
				CLANG_CXX_LANGUAGE_STANDARD = "gnu++20";
				CLANG_ENABLE_MODULES = YES;
				CLANG_ENABLE_OBJC_ARC = YES;
				CLANG_ENABLE_OBJC_WEAK = YES;
				CLANG_WARN_BLOCK_CAPTURE_AUTORELEASING = YES;
				CLANG_WARN_BOOL_CONVERSION = YES;
				CLANG_WARN_COMMA = YES;
				CLANG_WARN_CONSTANT_CONVERSION = YES;
				CLANG_WARN_DEPRECATED_OBJC_IMPLEMENTATIONS = YES;
				CLANG_WARN_DIRECT_OBJC_ISA_USAGE = YES_ERROR;
				CLANG_WARN_DOCUMENTATION_COMMENTS = YES;
				CLANG_WARN_EMPTY_BODY = YES;
				CLANG_WARN_ENUM_CONVERSION = YES;
				CLANG_WARN_INFINITE_RECURSION = YES;
				CLANG_WARN_INT_CONVERSION = YES;
				CLANG_WARN_NON_LITERAL_NULL_CONVERSION = YES;
				CLANG_WARN_OBJC_IMPLICIT_RETAIN_SELF = YES;
				CLANG_WARN_OBJC_LITERAL_CONVERSION = YES;
				CLANG_WARN_OBJC_ROOT_CLASS = YES_ERROR;
				CLANG_WARN_QUOTED_INCLUDE_IN_FRAMEWORK_HEADER = YES;
				CLANG_WARN_RANGE_LOOP_ANALYSIS = YES;
				CLANG_WARN_STRICT_PROTOTYPES = YES;
				CLANG_WARN_SUSPICIOUS_MOVE = YES;
				CLANG_WARN_UNGUARDED_AVAILABILITY = YES_AGGRESSIVE;
				CLANG_WARN_UNREACHABLE_CODE = YES;
				CLANG_WARN__DUPLICATE_METHOD_MATCH = YES;
				COPY_PHASE_STRIP = NO;
				CURRENT_PROJECT_VERSION = 1;
				DEBUG_INFORMATION_FORMAT = "dwarf-with-dsym";
				ENABLE_NS_ASSERTIONS = NO;
				ENABLE_STRICT_OBJC_MSGSEND = YES;
				GCC_C_LANGUAGE_STANDARD = gnu11;
				GCC_NO_COMMON_BLOCKS = YES;
				GCC_WARN_64_TO_32_BIT_CONVERSION = YES;
				GCC_WARN_ABOUT_RETURN_TYPE = YES_ERROR;
				GCC_WARN_UNDECLARED_SELECTOR = YES;
				GCC_WARN_UNINITIALIZED_AUTOS = YES_AGGRESSIVE;
				GCC_WARN_UNUSED_FUNCTION = YES;
				GCC_WARN_UNUSED_VARIABLE = YES;
				IPHONEOS_DEPLOYMENT_TARGET = 12.0;
				MTL_ENABLE_DEBUG_INFO = NO;
				MTL_FAST_MATH = YES;
				SDKROOT = iphoneos;
				SWIFT_COMPILATION_MODE = wholemodule;
				SWIFT_OPTIMIZATION_LEVEL = "-O";
				VALIDATE_PRODUCT = YES;
				VERSIONING_SYSTEM = "apple-generic";
				VERSION_INFO_PREFIX = "";
			};
			name = Release;
		};
		2D43BAF32AE09A7700A6702C /* Debug */ = {
			isa = XCBuildConfiguration;
			baseConfigurationReference = 34F184F00FF041D206532C8A /* Pods-UIComponents.debug.xcconfig */;
			buildSettings = {
				CLANG_ENABLE_MODULES = YES;
				CODE_SIGN_STYLE = Automatic;
				CURRENT_PROJECT_VERSION = 1;
				DEFINES_MODULE = YES;
				DEVELOPMENT_TEAM = 6KBC8FTKD3;
				DYLIB_COMPATIBILITY_VERSION = 1;
				DYLIB_CURRENT_VERSION = 1;
				DYLIB_INSTALL_NAME_BASE = "@rpath";
				GENERATE_INFOPLIST_FILE = YES;
				INFOPLIST_KEY_NSHumanReadableCopyright = "";
				INSTALL_PATH = "$(LOCAL_LIBRARY_DIR)/Frameworks";
				IPHONEOS_DEPLOYMENT_TARGET = 11.0;
				LD_RUNPATH_SEARCH_PATHS = (
					"$(inherited)",
					"@executable_path/Frameworks",
					"@loader_path/Frameworks",
				);
				MARKETING_VERSION = 1.0;
				PRODUCT_BUNDLE_IDENTIFIER = UmitBakiDikbiyik.UIComponents;
				PRODUCT_NAME = "$(TARGET_NAME:c99extidentifier)";
				SKIP_INSTALL = YES;
				SWIFT_EMIT_LOC_STRINGS = YES;
				SWIFT_OPTIMIZATION_LEVEL = "-Onone";
				SWIFT_VERSION = 5.0;
				TARGETED_DEVICE_FAMILY = "1,2";
			};
			name = Debug;
		};
		2D43BAF42AE09A7700A6702C /* Release */ = {
			isa = XCBuildConfiguration;
			baseConfigurationReference = 9BB7D90500CDB6E58D7F9DF7 /* Pods-UIComponents.release.xcconfig */;
			buildSettings = {
				CLANG_ENABLE_MODULES = YES;
				CODE_SIGN_STYLE = Automatic;
				CURRENT_PROJECT_VERSION = 1;
				DEFINES_MODULE = YES;
				DEVELOPMENT_TEAM = 6KBC8FTKD3;
				DYLIB_COMPATIBILITY_VERSION = 1;
				DYLIB_CURRENT_VERSION = 1;
				DYLIB_INSTALL_NAME_BASE = "@rpath";
				GENERATE_INFOPLIST_FILE = YES;
				INFOPLIST_KEY_NSHumanReadableCopyright = "";
				INSTALL_PATH = "$(LOCAL_LIBRARY_DIR)/Frameworks";
				IPHONEOS_DEPLOYMENT_TARGET = 11.0;
				LD_RUNPATH_SEARCH_PATHS = (
					"$(inherited)",
					"@executable_path/Frameworks",
					"@loader_path/Frameworks",
				);
				MARKETING_VERSION = 1.0;
				PRODUCT_BUNDLE_IDENTIFIER = UmitBakiDikbiyik.UIComponents;
				PRODUCT_NAME = "$(TARGET_NAME:c99extidentifier)";
				SKIP_INSTALL = YES;
				SWIFT_EMIT_LOC_STRINGS = YES;
				SWIFT_VERSION = 5.0;
				TARGETED_DEVICE_FAMILY = "1,2";
			};
			name = Release;
		};
/* End XCBuildConfiguration section */

/* Begin XCConfigurationList section */
		2D43BAE52AE09A7700A6702C /* Build configuration list for PBXProject "UIComponents" */ = {
			isa = XCConfigurationList;
			buildConfigurations = (
				2D43BAF02AE09A7700A6702C /* Debug */,
				2D43BAF12AE09A7700A6702C /* Release */,
			);
			defaultConfigurationIsVisible = 0;
			defaultConfigurationName = Release;
		};
		2D43BAF22AE09A7700A6702C /* Build configuration list for PBXNativeTarget "UIComponents" */ = {
			isa = XCConfigurationList;
			buildConfigurations = (
				2D43BAF32AE09A7700A6702C /* Debug */,
				2D43BAF42AE09A7700A6702C /* Release */,
			);
			defaultConfigurationIsVisible = 0;
			defaultConfigurationName = Release;
		};
/* End XCConfigurationList section */
	};
	rootObject = 2D43BAE22AE09A7700A6702C /* Project object */;
}
